// !$*UTF8*$!
{
	archiveVersion = 1;
	classes = {
	};
	objectVersion = 56;
	objects = {

/* Begin PBXBuildFile section */
		A1000001 /* AppDelegate.swift in Sources */ = {isa = PBXBuildFile; fileRef = A1000010 /* AppDelegate.swift */; };
		A1000002 /* Assets.xcassets in Resources */ = {isa = PBXBuildFile; fileRef = A1000011 /* Assets.xcassets */; };
		A1000003 /* AgenticToolkitTests.swift in Sources */ = {isa = PBXBuildFile; fileRef = A1000020 /* AgenticToolkitTests.swift */; };
		A1000004 /* DatabaseManager.swift in Sources */ = {isa = PBXBuildFile; fileRef = A1000014 /* DatabaseManager.swift */; };
		A1000005 /* Models.swift in Sources */ = {isa = PBXBuildFile; fileRef = A1000015 /* Models.swift */; };
		A1000006 /* DatabaseManagerTests.swift in Sources */ = {isa = PBXBuildFile; fileRef = A1000021 /* DatabaseManagerTests.swift */; };
		A1000007 /* EventIngestionManager.swift in Sources */ = {isa = PBXBuildFile; fileRef = A1000016 /* EventIngestionManager.swift */; };
		A1000008 /* EventFile.swift in Sources */ = {isa = PBXBuildFile; fileRef = A1000017 /* EventFile.swift */; };
		A1000009 /* EventIngestionManagerTests.swift in Sources */ = {isa = PBXBuildFile; fileRef = A1000022 /* EventIngestionManagerTests.swift */; };
		A100000A /* HookInstaller.swift in Sources */ = {isa = PBXBuildFile; fileRef = A1000018 /* HookInstaller.swift */; };
		A100000B /* HookInstallerTests.swift in Sources */ = {isa = PBXBuildFile; fileRef = A1000023 /* HookInstallerTests.swift */; };
		A1000102 /* SessionLivenessMonitor.swift in Sources */ = {isa = PBXBuildFile; fileRef = A1000034 /* SessionLivenessMonitor.swift */; };
		A1000103 /* SessionLivenessMonitorTests.swift in Sources */ = {isa = PBXBuildFile; fileRef = A1000026 /* SessionLivenessMonitorTests.swift */; };
		A1000104 /* SessionClickAction.swift in Sources */ = {isa = PBXBuildFile; fileRef = A1000035 /* SessionClickAction.swift */; };
		A1000105 /* SessionActionHandler.swift in Sources */ = {isa = PBXBuildFile; fileRef = A1000036 /* SessionActionHandler.swift */; };
		A1000132 /* ActivationTestLog.swift in Sources */ = {isa = PBXBuildFile; fileRef = A1000131 /* ActivationTestLog.swift */; };
		A1000146 /* WindowActivationTestHarness.swift in Sources */ = {isa = PBXBuildFile; fileRef = A1000156 /* WindowActivationTestHarness.swift */; };
		A1000106 /* SessionActionHandlerTests.swift in Sources */ = {isa = PBXBuildFile; fileRef = A1000027 /* SessionActionHandlerTests.swift */; };
		A10002B1 /* DatabaseManagerPersistence.swift in Sources */ = {isa = PBXBuildFile; fileRef = A10002B2 /* DatabaseManagerPersistence.swift */; };
		A100011E /* SessionSummarizer.swift in Sources */ = {isa = PBXBuildFile; fileRef = A100011D /* SessionSummarizer.swift */; };
		A1000120 /* SessionSummarizerTests.swift in Sources */ = {isa = PBXBuildFile; fileRef = A100011F /* SessionSummarizerTests.swift */; };
		A1000124 /* SummarizerDebugWindowController.swift in Sources */ = {isa = PBXBuildFile; fileRef = A1000123 /* SummarizerDebugWindowController.swift */; };
		A1000107 /* SettingsViewModel.swift in Sources */ = {isa = PBXBuildFile; fileRef = A1000037 /* SettingsViewModel.swift */; };
		A1000108 /* SettingsView.swift in Sources */ = {isa = PBXBuildFile; fileRef = A1000038 /* SettingsView.swift */; };
		A1000183 /* TerminalProfilesSettingsView.swift in Sources */ = {isa = PBXBuildFile; fileRef = A1000193 /* TerminalProfilesSettingsView.swift */; };
		A1000210 /* PluginsSettingsPane.swift in Sources */ = {isa = PBXBuildFile; fileRef = A1000200 /* PluginsSettingsPane.swift */; };
		A1000109 /* SettingsWindowController.swift in Sources */ = {isa = PBXBuildFile; fileRef = A1000039 /* SettingsWindowController.swift */; };
		A100010A /* SettingsViewModelTests.swift in Sources */ = {isa = PBXBuildFile; fileRef = A1000028 /* SettingsViewModelTests.swift */; };
		A1000129 /* WindowManagerTests.swift in Sources */ = {isa = PBXBuildFile; fileRef = A1000029 /* WindowManagerTests.swift */; };
		A100010B /* NotificationManager.swift in Sources */ = {isa = PBXBuildFile; fileRef = A100003A /* NotificationManager.swift */; };
		A100010C /* NotificationManagerTests.swift in Sources */ = {isa = PBXBuildFile; fileRef = A1000029 /* NotificationManagerTests.swift */; };
		A100010D /* LaunchAtLoginManager.swift in Sources */ = {isa = PBXBuildFile; fileRef = A100003B /* LaunchAtLoginManager.swift */; };
		A100010E /* LaunchAtLoginManagerTests.swift in Sources */ = {isa = PBXBuildFile; fileRef = A100002A /* LaunchAtLoginManagerTests.swift */; };
		A100010F /* Log.swift in Sources */ = {isa = PBXBuildFile; fileRef = A100003C /* Log.swift */; };
		A1000110 /* main.swift in Sources */ = {isa = PBXBuildFile; fileRef = A100003D /* main.swift */; };
		A1000111 /* GitMetadataResolver.swift in Sources */ = {isa = PBXBuildFile; fileRef = A100003E /* GitMetadataResolver.swift */; };
		A1000112 /* IngestionIntegrationTests.swift in Sources */ = {isa = PBXBuildFile; fileRef = A100002B /* IngestionIntegrationTests.swift */; };
		A1000125 /* AppPermission.swift in Sources */ = {isa = PBXBuildFile; fileRef = A1000044 /* AppPermission.swift */; };
		A1000126 /* PermissionWalkthrough.swift in Sources */ = {isa = PBXBuildFile; fileRef = A1000045 /* PermissionWalkthrough.swift */; };
		A1000127 /* WindowManager.swift in Sources */ = {isa = PBXBuildFile; fileRef = A1000046 /* WindowManager.swift */; };
		A1000128 /* WindowManagerMigration.swift in Sources */ = {isa = PBXBuildFile; fileRef = A1000047 /* WindowManagerMigration.swift */; };
		A1000167 /* TerminalProfile.swift in Sources */ = {isa = PBXBuildFile; fileRef = A1000177 /* TerminalProfile.swift */; };
		A1000168 /* SwiftTerm in Frameworks */ = {isa = PBXBuildFile; productRef = A10001A0 /* SwiftTerm */; };
		A1000184 /* AIChatWindowController.swift in Sources */ = {isa = PBXBuildFile; fileRef = A1000194 /* AIChatWindowController.swift */; };
		A1000185 /* MiniChatViewModelTests.swift in Sources */ = {isa = PBXBuildFile; fileRef = A1000195 /* MiniChatViewModelTests.swift */; };
		A1000186 /* SessionRowViewTests.swift in Sources */ = {isa = PBXBuildFile; fileRef = A1000196 /* SessionRowViewTests.swift */; };
		A10002A0 /* AgenticPluginSDK in Frameworks */ = {isa = PBXBuildFile; productRef = A10002A1 /* AgenticPluginSDK */; };
		A10002A2 /* AgenticBuiltInPlugins in Frameworks */ = {isa = PBXBuildFile; productRef = A10002A3 /* AgenticBuiltInPlugins */; };
		A10002A4 /* AgenticUI in Frameworks */ = {isa = PBXBuildFile; productRef = A10002A5 /* AgenticUI */; };
/* End PBXBuildFile section */

/* Begin PBXContainerItemProxy section */
		A1000040 /* PBXContainerItemProxy */ = {
			isa = PBXContainerItemProxy;
			containerPortal = A1000099 /* Project object */;
			proxyType = 1;
			remoteGlobalIDString = A1000050;
			remoteInfo = AgenticToolkit;
		};
/* End PBXContainerItemProxy section */

/* Begin PBXFileReference section */
		A1000010 /* AppDelegate.swift */ = {isa = PBXFileReference; lastKnownFileType = sourcecode.swift; path = AppDelegate.swift; sourceTree = "<group>"; };
		A1000011 /* Assets.xcassets */ = {isa = PBXFileReference; lastKnownFileType = folder.assetcatalog; path = Assets.xcassets; sourceTree = "<group>"; };
		A1000012 /* Info.plist */ = {isa = PBXFileReference; lastKnownFileType = text.plist.xml; path = Info.plist; sourceTree = "<group>"; };
		A1000013 /* AgenticToolkit.entitlements */ = {isa = PBXFileReference; lastKnownFileType = text.plist.entitlements; path = AgenticToolkit.entitlements; sourceTree = "<group>"; };
		A1000014 /* DatabaseManager.swift */ = {isa = PBXFileReference; lastKnownFileType = sourcecode.swift; path = DatabaseManager.swift; sourceTree = "<group>"; };
		A1000015 /* Models.swift */ = {isa = PBXFileReference; lastKnownFileType = sourcecode.swift; path = Models.swift; sourceTree = "<group>"; };
		A1000016 /* EventIngestionManager.swift */ = {isa = PBXFileReference; lastKnownFileType = sourcecode.swift; path = EventIngestionManager.swift; sourceTree = "<group>"; };
		A1000017 /* EventFile.swift */ = {isa = PBXFileReference; lastKnownFileType = sourcecode.swift; path = EventFile.swift; sourceTree = "<group>"; };
		A1000018 /* HookInstaller.swift */ = {isa = PBXFileReference; lastKnownFileType = sourcecode.swift; path = HookInstaller.swift; sourceTree = "<group>"; };
		A1000020 /* AgenticToolkitTests.swift */ = {isa = PBXFileReference; lastKnownFileType = sourcecode.swift; path = AgenticToolkitTests.swift; sourceTree = "<group>"; };
		A1000021 /* DatabaseManagerTests.swift */ = {isa = PBXFileReference; lastKnownFileType = sourcecode.swift; path = DatabaseManagerTests.swift; sourceTree = "<group>"; };
		A1000022 /* EventIngestionManagerTests.swift */ = {isa = PBXFileReference; lastKnownFileType = sourcecode.swift; path = EventIngestionManagerTests.swift; sourceTree = "<group>"; };
		A1000023 /* HookInstallerTests.swift */ = {isa = PBXFileReference; lastKnownFileType = sourcecode.swift; path = HookInstallerTests.swift; sourceTree = "<group>"; };
		A1000026 /* SessionLivenessMonitorTests.swift */ = {isa = PBXFileReference; lastKnownFileType = sourcecode.swift; path = SessionLivenessMonitorTests.swift; sourceTree = "<group>"; };
		A1000027 /* SessionActionHandlerTests.swift */ = {isa = PBXFileReference; lastKnownFileType = sourcecode.swift; path = SessionActionHandlerTests.swift; sourceTree = "<group>"; };
		A1000028 /* SettingsViewModelTests.swift */ = {isa = PBXFileReference; lastKnownFileType = sourcecode.swift; path = SettingsViewModelTests.swift; sourceTree = "<group>"; };
		A1000029 /* WindowManagerTests.swift */ = {isa = PBXFileReference; lastKnownFileType = sourcecode.swift; path = WindowManagerTests.swift; sourceTree = "<group>"; };
		A1000029 /* NotificationManagerTests.swift */ = {isa = PBXFileReference; lastKnownFileType = sourcecode.swift; path = NotificationManagerTests.swift; sourceTree = "<group>"; };
		A100002A /* LaunchAtLoginManagerTests.swift */ = {isa = PBXFileReference; lastKnownFileType = sourcecode.swift; path = LaunchAtLoginManagerTests.swift; sourceTree = "<group>"; };
		A1000034 /* SessionLivenessMonitor.swift */ = {isa = PBXFileReference; lastKnownFileType = sourcecode.swift; path = SessionLivenessMonitor.swift; sourceTree = "<group>"; };
		A1000035 /* SessionClickAction.swift */ = {isa = PBXFileReference; lastKnownFileType = sourcecode.swift; path = SessionClickAction.swift; sourceTree = "<group>"; };
		A1000036 /* SessionActionHandler.swift */ = {isa = PBXFileReference; lastKnownFileType = sourcecode.swift; path = SessionActionHandler.swift; sourceTree = "<group>"; };
		A1000131 /* ActivationTestLog.swift */ = {isa = PBXFileReference; lastKnownFileType = sourcecode.swift; path = ActivationTestLog.swift; sourceTree = "<group>"; };
		A1000156 /* WindowActivationTestHarness.swift */ = {isa = PBXFileReference; lastKnownFileType = sourcecode.swift; path = WindowActivationTestHarness.swift; sourceTree = "<group>"; };
		A10002B2 /* DatabaseManagerPersistence.swift */ = {isa = PBXFileReference; lastKnownFileType = sourcecode.swift; path = DatabaseManagerPersistence.swift; sourceTree = "<group>"; };
		A100011D /* SessionSummarizer.swift */ = {isa = PBXFileReference; lastKnownFileType = sourcecode.swift; path = SessionSummarizer.swift; sourceTree = "<group>"; };
		A100011F /* SessionSummarizerTests.swift */ = {isa = PBXFileReference; lastKnownFileType = sourcecode.swift; path = SessionSummarizerTests.swift; sourceTree = "<group>"; };
		A1000123 /* SummarizerDebugWindowController.swift */ = {isa = PBXFileReference; lastKnownFileType = sourcecode.swift; path = SummarizerDebugWindowController.swift; sourceTree = "<group>"; };
		A1000037 /* SettingsViewModel.swift */ = {isa = PBXFileReference; lastKnownFileType = sourcecode.swift; path = SettingsViewModel.swift; sourceTree = "<group>"; };
		A1000038 /* SettingsView.swift */ = {isa = PBXFileReference; lastKnownFileType = sourcecode.swift; path = SettingsView.swift; sourceTree = "<group>"; };
		A1000193 /* TerminalProfilesSettingsView.swift */ = {isa = PBXFileReference; lastKnownFileType = sourcecode.swift; path = TerminalProfilesSettingsView.swift; sourceTree = "<group>"; };
		A1000200 /* PluginsSettingsPane.swift */ = {isa = PBXFileReference; lastKnownFileType = sourcecode.swift; path = PluginsSettingsPane.swift; sourceTree = "<group>"; };
		A1000039 /* SettingsWindowController.swift */ = {isa = PBXFileReference; lastKnownFileType = sourcecode.swift; path = SettingsWindowController.swift; sourceTree = "<group>"; };
		A100003A /* NotificationManager.swift */ = {isa = PBXFileReference; lastKnownFileType = sourcecode.swift; path = NotificationManager.swift; sourceTree = "<group>"; };
		A100003B /* LaunchAtLoginManager.swift */ = {isa = PBXFileReference; lastKnownFileType = sourcecode.swift; path = LaunchAtLoginManager.swift; sourceTree = "<group>"; };
		A100003C /* Log.swift */ = {isa = PBXFileReference; lastKnownFileType = sourcecode.swift; path = Log.swift; sourceTree = "<group>"; };
		A100003D /* main.swift */ = {isa = PBXFileReference; lastKnownFileType = sourcecode.swift; path = main.swift; sourceTree = "<group>"; };
		A100003E /* GitMetadataResolver.swift */ = {isa = PBXFileReference; lastKnownFileType = sourcecode.swift; path = GitMetadataResolver.swift; sourceTree = "<group>"; };
		A100002B /* IngestionIntegrationTests.swift */ = {isa = PBXFileReference; lastKnownFileType = sourcecode.swift; path = IngestionIntegrationTests.swift; sourceTree = "<group>"; };
		A1000044 /* AppPermission.swift */ = {isa = PBXFileReference; lastKnownFileType = sourcecode.swift; path = AppPermission.swift; sourceTree = "<group>"; };
		A1000045 /* PermissionWalkthrough.swift */ = {isa = PBXFileReference; lastKnownFileType = sourcecode.swift; path = PermissionWalkthrough.swift; sourceTree = "<group>"; };
		A1000046 /* WindowManager.swift */ = {isa = PBXFileReference; lastKnownFileType = sourcecode.swift; path = WindowManager.swift; sourceTree = "<group>"; };
		A1000047 /* WindowManagerMigration.swift */ = {isa = PBXFileReference; lastKnownFileType = sourcecode.swift; path = WindowManagerMigration.swift; sourceTree = "<group>"; };
		A1000177 /* TerminalProfile.swift */ = {isa = PBXFileReference; lastKnownFileType = sourcecode.swift; path = TerminalProfile.swift; sourceTree = "<group>"; };
		A1000194 /* AIChatWindowController.swift */ = {isa = PBXFileReference; lastKnownFileType = sourcecode.swift; path = AIChatWindowController.swift; sourceTree = "<group>"; };
		A1000195 /* MiniChatViewModelTests.swift */ = {isa = PBXFileReference; lastKnownFileType = sourcecode.swift; path = MiniChatViewModelTests.swift; sourceTree = "<group>"; };
		A1000196 /* SessionRowViewTests.swift */ = {isa = PBXFileReference; lastKnownFileType = sourcecode.swift; path = SessionRowViewTests.swift; sourceTree = "<group>"; };
		A1000051 /* AgenticToolkit.app */ = {isa = PBXFileReference; explicitFileType = wrapper.application; includeInIndex = 0; path = AgenticToolkit.app; sourceTree = BUILT_PRODUCTS_DIR; };
		A1000061 /* AgenticToolkitTests.xctest */ = {isa = PBXFileReference; explicitFileType = wrapper.cfbundle; includeInIndex = 0; path = AgenticToolkitTests.xctest; sourceTree = BUILT_PRODUCTS_DIR; };
/* End PBXFileReference section */

/* Begin PBXFrameworksBuildPhase section */
		A1000070 /* Frameworks */ = {
			isa = PBXFrameworksBuildPhase;
			buildActionMask = 2147483647;
			files = (
				A1000168 /* SwiftTerm in Frameworks */,
				A10002A0 /* AgenticPluginSDK in Frameworks */,
				A10002A2 /* AgenticBuiltInPlugins in Frameworks */,
				A10002A4 /* AgenticUI in Frameworks */,
			);
			runOnlyForDeploymentPostprocessing = 0;
		};
		A1000071 /* Frameworks */ = {
			isa = PBXFrameworksBuildPhase;
			buildActionMask = 2147483647;
			files = (
			);
			runOnlyForDeploymentPostprocessing = 0;
		};
/* End PBXFrameworksBuildPhase section */

/* Begin PBXGroup section */
		A1000080 = {
			isa = PBXGroup;
			children = (
				A1000081 /* AgenticToolkit */,
				A1000082 /* AgenticToolkitTests */,
				A1000083 /* Products */,
			);
			sourceTree = "<group>";
		};
		A1000081 /* AgenticToolkit */ = {
			isa = PBXGroup;
			children = (
				A1000010 /* AppDelegate.swift */,
				A100003C /* Log.swift */,
				A100003D /* main.swift */,
				A1000088 /* Actions */,
				A1000084 /* Database */,
				A1000086 /* Hooks */,
				A1000085 /* Ingestion */,
				A100008A /* Notifications */,
				A1000089 /* Settings */,
				A100008C /* Terminal */,
				A1000087 /* Window */,
				A1000011 /* Assets.xcassets */,
				A1000012 /* Info.plist */,
				A1000013 /* AgenticToolkit.entitlements */,
			);
			path = AgenticToolkit;
			sourceTree = "<group>";
		};
		A1000082 /* AgenticToolkitTests */ = {
			isa = PBXGroup;
			children = (
				A1000020 /* AgenticToolkitTests.swift */,
				A1000021 /* DatabaseManagerTests.swift */,
				A1000195 /* MiniChatViewModelTests.swift */,
				A1000196 /* SessionRowViewTests.swift */,
				A1000022 /* EventIngestionManagerTests.swift */,
				A1000023 /* HookInstallerTests.swift */,
				A100002A /* LaunchAtLoginManagerTests.swift */,
				A100002B /* IngestionIntegrationTests.swift */,
				A1000026 /* SessionLivenessMonitorTests.swift */,
				A1000027 /* SessionActionHandlerTests.swift */,
				A100011F /* SessionSummarizerTests.swift */,
				A1000028 /* SettingsViewModelTests.swift */,
				A1000029 /* WindowManagerTests.swift */,
				A1000029 /* NotificationManagerTests.swift */,
			);
			path = AgenticToolkitTests;
			sourceTree = "<group>";
		};
		A1000083 /* Products */ = {
			isa = PBXGroup;
			children = (
				A1000051 /* AgenticToolkit.app */,
				A1000061 /* AgenticToolkitTests.xctest */,
			);
			name = Products;
			sourceTree = "<group>";
		};
		A1000084 /* Database */ = {
			isa = PBXGroup;
			children = (
				A1000014 /* DatabaseManager.swift */,
				A1000015 /* Models.swift */,
			);
			path = Database;
			sourceTree = "<group>";
		};
		A1000085 /* Ingestion */ = {
			isa = PBXGroup;
			children = (
				A1000016 /* EventIngestionManager.swift */,
				A1000017 /* EventFile.swift */,
				A100003E /* GitMetadataResolver.swift */,
				A1000034 /* SessionLivenessMonitor.swift */,
				A100011D /* SessionSummarizer.swift */,
			);
			path = Ingestion;
			sourceTree = "<group>";
		};
		A1000086 /* Hooks */ = {
			isa = PBXGroup;
			children = (
				A1000018 /* HookInstaller.swift */,
			);
			path = Hooks;
			sourceTree = "<group>";
		};
		A1000087 /* Window */ = {
			isa = PBXGroup;
			children = (
				A1000123 /* SummarizerDebugWindowController.swift */,
				A1000046 /* WindowManager.swift */,
				A1000047 /* WindowManagerMigration.swift */,
			);
			path = Window;
			sourceTree = "<group>";
		};
		A1000088 /* Actions */ = {
			isa = PBXGroup;
			children = (
				A1000035 /* SessionClickAction.swift */,
				A1000036 /* SessionActionHandler.swift */,
				A1000131 /* ActivationTestLog.swift */,
				A1000156 /* WindowActivationTestHarness.swift */,
			);
			path = Actions;
			sourceTree = "<group>";
		};
		A1000089 /* Settings */ = {
			isa = PBXGroup;
			children = (
				A100003B /* LaunchAtLoginManager.swift */,
				A10002B2 /* DatabaseManagerPersistence.swift */,
				A1000037 /* SettingsViewModel.swift */,
				A1000038 /* SettingsView.swift */,
				A1000193 /* TerminalProfilesSettingsView.swift */,
				A1000200 /* PluginsSettingsPane.swift */,
				A1000039 /* SettingsWindowController.swift */,
				A1000044 /* AppPermission.swift */,
				A1000045 /* PermissionWalkthrough.swift */,
				A1000194 /* AIChatWindowController.swift */,
			);
			path = Settings;
			sourceTree = "<group>";
		};
		A100008A /* Notifications */ = {
			isa = PBXGroup;
			children = (
				A100003A /* NotificationManager.swift */,
			);
			path = Notifications;
			sourceTree = "<group>";
		};
		A100008C /* Terminal */ = {
			isa = PBXGroup;
			children = (
				A1000177 /* TerminalProfile.swift */,
			);
			path = Terminal;
			sourceTree = "<group>";
		};
/* End PBXGroup section */

/* Begin PBXNativeTarget section */
		A1000050 /* AgenticToolkit */ = {
			isa = PBXNativeTarget;
			buildConfigurationList = A1000090 /* Build configuration list for PBXNativeTarget "AgenticToolkit" */;
			buildPhases = (
				A1000072 /* Sources */,
				A1000070 /* Frameworks */,
				A1000073 /* Resources */,
			);
			buildRules = (
			);
			dependencies = (
			);
			name = AgenticToolkit;
			packageProductDependencies = (
				A10001A0 /* SwiftTerm */,
				A10002A1 /* AgenticPluginSDK */,
				A10002A3 /* AgenticBuiltInPlugins */,
				A10002A5 /* AgenticUI */,
			);
			productName = AgenticToolkit;
			productReference = A1000051 /* AgenticToolkit.app */;
			productType = "com.apple.product-type.application";
		};
		A1000060 /* AgenticToolkitTests */ = {
			isa = PBXNativeTarget;
			buildConfigurationList = A1000091 /* Build configuration list for PBXNativeTarget "AgenticToolkitTests" */;
			buildPhases = (
				A1000074 /* Sources */,
				A1000071 /* Frameworks */,
			);
			buildRules = (
			);
			dependencies = (
				A1000041 /* PBXTargetDependency */,
			);
			name = AgenticToolkitTests;
			productName = AgenticToolkitTests;
			productReference = A1000061 /* AgenticToolkitTests.xctest */;
			productType = "com.apple.product-type.bundle.unit-test";
		};
/* End PBXNativeTarget section */

/* Begin PBXProject section */
		A1000099 /* Project object */ = {
			isa = PBXProject;
			attributes = {
				BuildIndependentTargetsInParallel = 1;
				LastSwiftUpdateCheck = 1540;
				LastUpgradeCheck = 1540;
				TargetAttributes = {
					A1000050 = {
						CreatedOnToolsVersion = 15.4;
					};
					A1000060 = {
						CreatedOnToolsVersion = 15.4;
						TestTargetID = A1000050;
					};
				};
			};
			buildConfigurationList = A1000092 /* Build configuration list for PBXProject "AgenticToolkit" */;
			compatibilityVersion = "Xcode 14.0";
			developmentRegion = en;
			hasScannedForEncodings = 0;
			knownRegions = (
				en,
				Base,
			);
			mainGroup = A1000080;
			packageReferences = (
				A10001B0 /* XCRemoteSwiftPackageReference "SwiftTerm" */,
				A10002B0 /* XCLocalSwiftPackageReference ".." */,
			);
			productRefGroup = A1000083 /* Products */;
			projectDirPath = "";
			projectRoot = "";
			targets = (
				A1000050 /* AgenticToolkit */,
				A1000060 /* AgenticToolkitTests */,
			);
		};
/* End PBXProject section */

/* Begin PBXResourcesBuildPhase section */
		A1000073 /* Resources */ = {
			isa = PBXResourcesBuildPhase;
			buildActionMask = 2147483647;
			files = (
				A1000002 /* Assets.xcassets in Resources */,
			);
			runOnlyForDeploymentPostprocessing = 0;
		};
/* End PBXResourcesBuildPhase section */

/* Begin PBXSourcesBuildPhase section */
		A1000072 /* Sources */ = {
			isa = PBXSourcesBuildPhase;
			buildActionMask = 2147483647;
			files = (
				A1000001 /* AppDelegate.swift in Sources */,
				A1000004 /* DatabaseManager.swift in Sources */,
				A1000005 /* Models.swift in Sources */,
				A1000007 /* EventIngestionManager.swift in Sources */,
				A1000008 /* EventFile.swift in Sources */,
				A100000A /* HookInstaller.swift in Sources */,
				A1000102 /* SessionLivenessMonitor.swift in Sources */,
				A1000104 /* SessionClickAction.swift in Sources */,
				A1000105 /* SessionActionHandler.swift in Sources */,
				A1000132 /* ActivationTestLog.swift in Sources */,
				A1000146 /* WindowActivationTestHarness.swift in Sources */,
				A10002B1 /* DatabaseManagerPersistence.swift in Sources */,
				A1000107 /* SettingsViewModel.swift in Sources */,
				A1000108 /* SettingsView.swift in Sources */,
				A1000183 /* TerminalProfilesSettingsView.swift in Sources */,
				A1000210 /* PluginsSettingsPane.swift in Sources */,
				A1000109 /* SettingsWindowController.swift in Sources */,
				A1000125 /* AppPermission.swift in Sources */,
				A1000126 /* PermissionWalkthrough.swift in Sources */,
				A1000127 /* WindowManager.swift in Sources */,
				A1000128 /* WindowManagerMigration.swift in Sources */,
				A100010B /* NotificationManager.swift in Sources */,
				A100010D /* LaunchAtLoginManager.swift in Sources */,
				A100010F /* Log.swift in Sources */,
				A1000110 /* main.swift in Sources */,
				A1000111 /* GitMetadataResolver.swift in Sources */,
				A100011E /* SessionSummarizer.swift in Sources */,
				A1000124 /* SummarizerDebugWindowController.swift in Sources */,
				A1000167 /* TerminalProfile.swift in Sources */,
				A1000184 /* AIChatWindowController.swift in Sources */,
			);
			runOnlyForDeploymentPostprocessing = 0;
		};
		A1000074 /* Sources */ = {
			isa = PBXSourcesBuildPhase;
			buildActionMask = 2147483647;
			files = (
				A1000003 /* AgenticToolkitTests.swift in Sources */,
				A1000006 /* DatabaseManagerTests.swift in Sources */,
				A1000009 /* EventIngestionManagerTests.swift in Sources */,
				A100000B /* HookInstallerTests.swift in Sources */,
				A1000103 /* SessionLivenessMonitorTests.swift in Sources */,
				A1000106 /* SessionActionHandlerTests.swift in Sources */,
				A100010A /* SettingsViewModelTests.swift in Sources */,
				A1000129 /* WindowManagerTests.swift in Sources */,
				A100010C /* NotificationManagerTests.swift in Sources */,
				A100010E /* LaunchAtLoginManagerTests.swift in Sources */,
				A1000112 /* IngestionIntegrationTests.swift in Sources */,
				A1000120 /* SessionSummarizerTests.swift in Sources */,
				A1000185 /* MiniChatViewModelTests.swift in Sources */,
				A1000186 /* SessionRowViewTests.swift in Sources */,
			);
			runOnlyForDeploymentPostprocessing = 0;
		};
/* End PBXSourcesBuildPhase section */

/* Begin PBXTargetDependency section */
		A1000041 /* PBXTargetDependency */ = {
			isa = PBXTargetDependency;
			target = A1000050 /* AgenticToolkit */;
			targetProxy = A1000040 /* PBXContainerItemProxy */;
		};
/* End PBXTargetDependency section */

/* Begin XCBuildConfiguration section */
		A10000A0 /* Debug */ = {
			isa = XCBuildConfiguration;
			buildSettings = {
				ALWAYS_SEARCH_USER_PATHS = NO;
				ASSETCATALOG_COMPILER_GENERATE_SWIFT_ASSET_SYMBOL_EXTENSIONS = YES;
				CLANG_ANALYZER_NONNULL = YES;
				CLANG_ANALYZER_NUMBER_OBJECT_CONVERSION = YES_AGGRESSIVE;
				CLANG_CXX_LANGUAGE_STANDARD = "gnu++20";
				CLANG_ENABLE_MODULES = YES;
				CLANG_ENABLE_OBJC_ARC = YES;
				CLANG_ENABLE_OBJC_WEAK = YES;
				CLANG_WARN_BLOCK_CAPTURE_AUTORELEASING = YES;
				CLANG_WARN_BOOL_CONVERSION = YES;
				CLANG_WARN_COMMA = YES;
				CLANG_WARN_CONSTANT_CONVERSION = YES;
				CLANG_WARN_DEPRECATED_OBJC_IMPLEMENTATIONS = YES;
				CLANG_WARN_DIRECT_OBJC_ISA_USAGE = YES_ERROR;
				CLANG_WARN_DOCUMENTATION_COMMENTS = YES;
				CLANG_WARN_EMPTY_BODY = YES;
				CLANG_WARN_ENUM_CONVERSION = YES;
				CLANG_WARN_INFINITE_RECURSION = YES;
				CLANG_WARN_INT_CONVERSION = YES;
				CLANG_WARN_NON_LITERAL_NULL_CONVERSION = YES;
				CLANG_WARN_OBJC_IMPLICIT_RETAIN_SELF = YES;
				CLANG_WARN_OBJC_LITERAL_CONVERSION = YES;
				CLANG_WARN_OBJC_ROOT_CLASS = YES_ERROR;
				CLANG_WARN_QUOTED_INCLUDE_IN_FRAMEWORK_HEADER = YES;
				CLANG_WARN_RANGE_LOOP_ANALYSIS = YES;
				CLANG_WARN_STRICT_PROTOTYPES = YES;
				CLANG_WARN_SUSPICIOUS_MOVE = YES;
				CLANG_WARN_UNGUARDED_AVAILABILITY = YES_AGGRESSIVE;
				CLANG_WARN_UNREACHABLE_CODE = YES;
				CLANG_WARN__DUPLICATE_METHOD_MATCH = YES;
				COPY_PHASE_STRIP = NO;
				DEBUG_INFORMATION_FORMAT = dwarf;
				ENABLE_STRICT_OBJC_MSGSEND = YES;
				ENABLE_TESTABILITY = YES;
				ENABLE_USER_SCRIPT_SANDBOXING = YES;
				GCC_C_LANGUAGE_STANDARD = gnu17;
				GCC_DYNAMIC_NO_PIC = NO;
				GCC_NO_COMMON_BLOCKS = YES;
				GCC_OPTIMIZATION_LEVEL = 0;
				GCC_PREPROCESSOR_DEFINITIONS = (
					"DEBUG=1",
					"$(inherited)",
				);
				GCC_WARN_64_TO_32_BIT_CONVERSION = YES;
				GCC_WARN_ABOUT_RETURN_TYPE = YES_ERROR;
				GCC_WARN_UNDECLARED_SELECTOR = YES;
				GCC_WARN_UNINITIALIZED_AUTOS = YES_AGGRESSIVE;
				GCC_WARN_UNUSED_FUNCTION = YES;
				GCC_WARN_UNUSED_VARIABLE = YES;
				MACOSX_DEPLOYMENT_TARGET = 14.0;
				MTL_ENABLE_DEBUG_INFO = INCLUDE_SOURCE;
				MTL_FAST_MATH = YES;
				ONLY_ACTIVE_ARCH = YES;
				SDKROOT = macosx;
				SWIFT_ACTIVE_COMPILATION_CONDITIONS = "DEBUG $(inherited)";
				SWIFT_OPTIMIZATION_LEVEL = "-Onone";
			};
			name = Debug;
		};
		A10000A1 /* Release */ = {
			isa = XCBuildConfiguration;
			buildSettings = {
				ALWAYS_SEARCH_USER_PATHS = NO;
				ASSETCATALOG_COMPILER_GENERATE_SWIFT_ASSET_SYMBOL_EXTENSIONS = YES;
				CLANG_ANALYZER_NONNULL = YES;
				CLANG_ANALYZER_NUMBER_OBJECT_CONVERSION = YES_AGGRESSIVE;
				CLANG_CXX_LANGUAGE_STANDARD = "gnu++20";
				CLANG_ENABLE_MODULES = YES;
				CLANG_ENABLE_OBJC_ARC = YES;
				CLANG_ENABLE_OBJC_WEAK = YES;
				CLANG_WARN_BLOCK_CAPTURE_AUTORELEASING = YES;
				CLANG_WARN_BOOL_CONVERSION = YES;
				CLANG_WARN_COMMA = YES;
				CLANG_WARN_CONSTANT_CONVERSION = YES;
				CLANG_WARN_DEPRECATED_OBJC_IMPLEMENTATIONS = YES;
				CLANG_WARN_DIRECT_OBJC_ISA_USAGE = YES_ERROR;
				CLANG_WARN_DOCUMENTATION_COMMENTS = YES;
				CLANG_WARN_EMPTY_BODY = YES;
				CLANG_WARN_ENUM_CONVERSION = YES;
				CLANG_WARN_INFINITE_RECURSION = YES;
				CLANG_WARN_INT_CONVERSION = YES;
				CLANG_WARN_NON_LITERAL_NULL_CONVERSION = YES;
				CLANG_WARN_OBJC_IMPLICIT_RETAIN_SELF = YES;
				CLANG_WARN_OBJC_LITERAL_CONVERSION = YES;
				CLANG_WARN_OBJC_ROOT_CLASS = YES_ERROR;
				CLANG_WARN_QUOTED_INCLUDE_IN_FRAMEWORK_HEADER = YES;
				CLANG_WARN_RANGE_LOOP_ANALYSIS = YES;
				CLANG_WARN_STRICT_PROTOTYPES = YES;
				CLANG_WARN_SUSPICIOUS_MOVE = YES;
				CLANG_WARN_UNGUARDED_AVAILABILITY = YES_AGGRESSIVE;
				CLANG_WARN_UNREACHABLE_CODE = YES;
				CLANG_WARN__DUPLICATE_METHOD_MATCH = YES;
				COPY_PHASE_STRIP = NO;
				DEBUG_INFORMATION_FORMAT = "dwarf-with-dsym";
				ENABLE_NS_ASSERTIONS = NO;
				ENABLE_STRICT_OBJC_MSGSEND = YES;
				ENABLE_USER_SCRIPT_SANDBOXING = YES;
				GCC_C_LANGUAGE_STANDARD = gnu17;
				GCC_NO_COMMON_BLOCKS = YES;
				GCC_WARN_64_TO_32_BIT_CONVERSION = YES;
				GCC_WARN_ABOUT_RETURN_TYPE = YES_ERROR;
				GCC_WARN_UNDECLARED_SELECTOR = YES;
				GCC_WARN_UNINITIALIZED_AUTOS = YES_AGGRESSIVE;
				GCC_WARN_UNUSED_FUNCTION = YES;
				GCC_WARN_UNUSED_VARIABLE = YES;
				MACOSX_DEPLOYMENT_TARGET = 14.0;
				MTL_ENABLE_DEBUG_INFO = NO;
				MTL_FAST_MATH = YES;
				SDKROOT = macosx;
				SWIFT_COMPILATION_MODE = wholemodule;
			};
			name = Release;
		};
		A10000B0 /* Debug */ = {
			isa = XCBuildConfiguration;
			buildSettings = {
				ASSETCATALOG_COMPILER_APPICON_NAME = AppIcon;
				CODE_SIGN_ENTITLEMENTS = AgenticToolkit/AgenticToolkit.entitlements;
				CODE_SIGN_IDENTITY = "Apple Development";
				CODE_SIGN_STYLE = Automatic;
				COMBINE_HIDPI_IMAGES = YES;
				CURRENT_PROJECT_VERSION = 1;
				DEVELOPMENT_TEAM = K2NA732JAX;
				GENERATE_INFOPLIST_FILE = NO;
				INFOPLIST_FILE = AgenticToolkit/Info.plist;
				LD_RUNPATH_SEARCH_PATHS = (
					"$(inherited)",
					"@executable_path/../Frameworks",
				);
				MARKETING_VERSION = 0.1.0;
				PRODUCT_BUNDLE_IDENTIFIER = com.mikefullerton.AgenticToolkit;
				PRODUCT_NAME = "$(TARGET_NAME)";
				STRIP_INSTALLED_PRODUCT = NO;
				STRIP_SWIFT_SYMBOLS = NO;
				SWIFT_EMIT_LOC_STRINGS = YES;
				SWIFT_VERSION = 5.0;
			};
			name = Debug;
		};
		A10000B1 /* Release */ = {
			isa = XCBuildConfiguration;
			buildSettings = {
				ASSETCATALOG_COMPILER_APPICON_NAME = AppIcon;
				CODE_SIGN_ENTITLEMENTS = AgenticToolkit/AgenticToolkit.entitlements;
				CODE_SIGN_IDENTITY = "Apple Development";
				CODE_SIGN_STYLE = Automatic;
				COMBINE_HIDPI_IMAGES = YES;
				CURRENT_PROJECT_VERSION = 1;
				DEVELOPMENT_TEAM = K2NA732JAX;
				GENERATE_INFOPLIST_FILE = NO;
				INFOPLIST_FILE = AgenticToolkit/Info.plist;
				LD_RUNPATH_SEARCH_PATHS = (
					"$(inherited)",
					"@executable_path/../Frameworks",
				);
				MARKETING_VERSION = 0.1.0;
				PRODUCT_BUNDLE_IDENTIFIER = com.mikefullerton.AgenticToolkit;
				PRODUCT_NAME = "$(TARGET_NAME)";
				STRIP_INSTALLED_PRODUCT = NO;
				STRIP_SWIFT_SYMBOLS = NO;
				SWIFT_EMIT_LOC_STRINGS = YES;
				SWIFT_VERSION = 5.0;
			};
			name = Release;
		};
		A10000C0 /* Debug */ = {
			isa = XCBuildConfiguration;
			buildSettings = {
				BUNDLE_LOADER = "$(TEST_HOST)";
				CODE_SIGN_STYLE = Automatic;
				CURRENT_PROJECT_VERSION = 1;
				DEVELOPMENT_TEAM = K2NA732JAX;
				GENERATE_INFOPLIST_FILE = YES;
				MACOSX_DEPLOYMENT_TARGET = 14.0;
				MARKETING_VERSION = 1.0;
				PRODUCT_BUNDLE_IDENTIFIER = com.mikefullerton.AgenticToolkitTests;
				PRODUCT_NAME = "$(TARGET_NAME)";
				SWIFT_EMIT_LOC_STRINGS = NO;
				SWIFT_VERSION = 5.0;
				TEST_HOST = "$(BUILT_PRODUCTS_DIR)/AgenticToolkit.app/Contents/MacOS/AgenticToolkit";
			};
			name = Debug;
		};
		A10000C1 /* Release */ = {
			isa = XCBuildConfiguration;
			buildSettings = {
				BUNDLE_LOADER = "$(TEST_HOST)";
				CODE_SIGN_STYLE = Automatic;
				CURRENT_PROJECT_VERSION = 1;
				DEVELOPMENT_TEAM = K2NA732JAX;
				GENERATE_INFOPLIST_FILE = YES;
				MACOSX_DEPLOYMENT_TARGET = 14.0;
				MARKETING_VERSION = 1.0;
				PRODUCT_BUNDLE_IDENTIFIER = com.mikefullerton.AgenticToolkitTests;
				PRODUCT_NAME = "$(TARGET_NAME)";
				SWIFT_EMIT_LOC_STRINGS = NO;
				SWIFT_VERSION = 5.0;
				TEST_HOST = "$(BUILT_PRODUCTS_DIR)/AgenticToolkit.app/Contents/MacOS/AgenticToolkit";
			};
			name = Release;
		};
/* End XCBuildConfiguration section */

/* Begin XCConfigurationList section */
		A1000090 /* Build configuration list for PBXNativeTarget "AgenticToolkit" */ = {
			isa = XCConfigurationList;
			buildConfigurations = (
				A10000B0 /* Debug */,
				A10000B1 /* Release */,
			);
			defaultConfigurationIsVisible = 0;
			defaultConfigurationName = Release;
		};
		A1000091 /* Build configuration list for PBXNativeTarget "AgenticToolkitTests" */ = {
			isa = XCConfigurationList;
			buildConfigurations = (
				A10000C0 /* Debug */,
				A10000C1 /* Release */,
			);
			defaultConfigurationIsVisible = 0;
			defaultConfigurationName = Release;
		};
		A1000092 /* Build configuration list for PBXProject "AgenticToolkit" */ = {
			isa = XCConfigurationList;
			buildConfigurations = (
				A10000A0 /* Debug */,
				A10000A1 /* Release */,
			);
			defaultConfigurationIsVisible = 0;
			defaultConfigurationName = Release;
		};
/* End XCConfigurationList section */

/* Begin XCLocalSwiftPackageReference section */
		A10002B0 /* XCLocalSwiftPackageReference ".." */ = {
			isa = XCLocalSwiftPackageReference;
			relativePath = "..";
		};
/* End XCLocalSwiftPackageReference section */

/* Begin XCRemoteSwiftPackageReference section */
		A10001B0 /* XCRemoteSwiftPackageReference "SwiftTerm" */ = {
			isa = XCRemoteSwiftPackageReference;
			repositoryURL = "https://github.com/migueldeicaza/SwiftTerm";
			requirement = {
				kind = upToNextMajorVersion;
				minimumVersion = 1.2.0;
			};
		};
/* End XCRemoteSwiftPackageReference section */

/* Begin XCSwiftPackageProductDependency section */
		A10001A0 /* SwiftTerm */ = {
			isa = XCSwiftPackageProductDependency;
			package = A10001B0 /* XCRemoteSwiftPackageReference "SwiftTerm" */;
			productName = SwiftTerm;
		};
		A10002A1 /* AgenticPluginSDK */ = {
			isa = XCSwiftPackageProductDependency;
			productName = AgenticPluginSDK;
		};
		A10002A3 /* AgenticBuiltInPlugins */ = {
			isa = XCSwiftPackageProductDependency;
			productName = AgenticBuiltInPlugins;
		};
		A10002A5 /* AgenticUI */ = {
			isa = XCSwiftPackageProductDependency;
			productName = AgenticUI;
		};
/* End XCSwiftPackageProductDependency section */
	};
	rootObject = A1000099 /* Project object */;
}
