<?xml version="1.0" encoding="UTF-8"?>
<Scheme
   LastUpgradeVersion = "2640"
   version = "1.3">
   <BuildAction
      parallelizeBuildables = "YES"
      buildImplicitDependencies = "YES">
      <BuildActionEntries>
         <BuildActionEntry
            buildForTesting = "YES"
            buildForRunning = "YES"
            buildForProfiling = "YES"
            buildForArchiving = "YES"
            buildForAnalyzing = "YES">
            <BuildableReference
               BuildableIdentifier = "primary"
               BlueprintIdentifier = "50163564F0DC9E34EE000DCB"
               BuildableName = "AgenticToolkitAIPluginsCore.framework"
               BlueprintName = "AgenticToolkitAIPluginsCore"
               ReferencedContainer = "container:Plugins.xcodeproj">
            </BuildableReference>
         </BuildActionEntry>
         <BuildActionEntry
            buildForTesting = "YES"
            buildForRunning = "YES"
            buildForProfiling = "YES"
            buildForArchiving = "YES"
            buildForAnalyzing = "YES">
            <BuildableReference
               BuildableIdentifier = "primary"
               BlueprintIdentifier = "8D343B47D3E5D15FEFD120B9"
               BuildableName = "ClaudeAPIPlugin.bundle"
               BlueprintName = "ClaudeAPIPlugin"
               ReferencedContainer = "container:Plugins.xcodeproj">
            </BuildableReference>
         </BuildActionEntry>
         <BuildActionEntry
            buildForTesting = "YES"
            buildForRunning = "YES"
            buildForProfiling = "YES"
            buildForArchiving = "YES"
            buildForAnalyzing = "YES">
            <BuildableReference
               BuildableIdentifier = "primary"
               BlueprintIdentifier = "DD6FF554DDAD90DDAE763E96"
               BuildableName = "ClaudeLocalPlugin.bundle"
               BlueprintName = "ClaudeLocalPlugin"
               ReferencedContainer = "container:Plugins.xcodeproj">
            </BuildableReference>
         </BuildActionEntry>
         <BuildActionEntry
            buildForTesting = "YES"
            buildForRunning = "YES"
            buildForProfiling = "YES"
            buildForArchiving = "YES"
            buildForAnalyzing = "YES">
            <BuildableReference
               BuildableIdentifier = "primary"
               BlueprintIdentifier = "01C0239ED5F1FCE7E13292E3"
               BuildableName = "GooglePlugin.bundle"
               BlueprintName = "GooglePlugin"
               ReferencedContainer = "container:Plugins.xcodeproj">
            </BuildableReference>
         </BuildActionEntry>
         <BuildActionEntry
            buildForTesting = "YES"
            buildForRunning = "YES"
            buildForProfiling = "YES"
            buildForArchiving = "YES"
            buildForAnalyzing = "YES">
            <BuildableReference
               BuildableIdentifier = "primary"
               BlueprintIdentifier = "A2ECE035EE056BC5AD8A181C"
               BuildableName = "OpenAICompatiblePlugin.bundle"
               BlueprintName = "OpenAICompatiblePlugin"
               ReferencedContainer = "container:Plugins.xcodeproj">
            </BuildableReference>
         </BuildActionEntry>
         <BuildActionEntry
            buildForTesting = "YES"
            buildForRunning = "YES"
            buildForProfiling = "YES"
            buildForArchiving = "YES"
            buildForAnalyzing = "YES">
            <BuildableReference
               BuildableIdentifier = "primary"
               BlueprintIdentifier = "2C9C0A1F708502BF49559738"
               BuildableName = "OpenAIPlugin.bundle"
               BlueprintName = "OpenAIPlugin"
               ReferencedContainer = "container:Plugins.xcodeproj">
            </BuildableReference>
         </BuildActionEntry>
      </BuildActionEntries>
   </BuildAction>
   <TestAction
      buildConfiguration = "Debug"
      selectedDebuggerIdentifier = "Xcode.DebuggerFoundation.Debugger.LLDB"
      selectedLauncherIdentifier = "Xcode.DebuggerFoundation.Launcher.LLDB"
      shouldUseLaunchSchemeArgsEnv = "YES">
      <MacroExpansion>
         <BuildableReference
            BuildableIdentifier = "primary"
            BlueprintIdentifier = "50163564F0DC9E34EE000DCB"
            BuildableName = "AgenticToolkitAIPluginsCore.framework"
            BlueprintName = "AgenticToolkitAIPluginsCore"
            ReferencedContainer = "container:Plugins.xcodeproj">
         </BuildableReference>
      </MacroExpansion>
      <Testables>
         <TestableReference
            skipped = "NO"
            parallelizable = "NO">
            <BuildableReference
               BuildableIdentifier = "primary"
               BlueprintIdentifier = "C3F6B2B2D78AB68A57D77BDA"
               BuildableName = "PluginsTests.xctest"
               BlueprintName = "PluginsTests"
               ReferencedContainer = "container:Plugins.xcodeproj">
            </BuildableReference>
         </TestableReference>
      </Testables>
   </TestAction>
   <LaunchAction
      buildConfiguration = "Debug"
      selectedDebuggerIdentifier = "Xcode.DebuggerFoundation.Debugger.LLDB"
      selectedLauncherIdentifier = "Xcode.DebuggerFoundation.Launcher.LLDB"
      launchStyle = "0"
      useCustomWorkingDirectory = "NO"
      ignoresPersistentStateOnLaunch = "NO"
      debugDocumentVersioning = "YES"
      debugServiceExtension = "internal"
      allowLocationSimulation = "YES">
      <MacroExpansion>
         <BuildableReference
            BuildableIdentifier = "primary"
            BlueprintIdentifier = "50163564F0DC9E34EE000DCB"
            BuildableName = "AgenticToolkitAIPluginsCore.framework"
            BlueprintName = "AgenticToolkitAIPluginsCore"
            ReferencedContainer = "container:Plugins.xcodeproj">
         </BuildableReference>
      </MacroExpansion>
   </LaunchAction>
   <ProfileAction
      buildConfiguration = "Release"
      shouldUseLaunchSchemeArgsEnv = "YES"
      savedToolIdentifier = ""
      useCustomWorkingDirectory = "NO"
      debugDocumentVersioning = "YES">
      <MacroExpansion>
         <BuildableReference
            BuildableIdentifier = "primary"
            BlueprintIdentifier = "50163564F0DC9E34EE000DCB"
            BuildableName = "AgenticToolkitAIPluginsCore.framework"
            BlueprintName = "AgenticToolkitAIPluginsCore"
            ReferencedContainer = "container:Plugins.xcodeproj">
         </BuildableReference>
      </MacroExpansion>
   </ProfileAction>
   <AnalyzeAction
      buildConfiguration = "Debug">
   </AnalyzeAction>
   <ArchiveAction
      buildConfiguration = "Release"
      revealArchiveInOrganizer = "YES">
   </ArchiveAction>
</Scheme>
