// !$*UTF8*$!
{
	archiveVersion = 1;
	classes = {
	};
	objectVersion = 77;
	objects = {

/* Begin PBXAggregateTarget section */
		0B633CF7EA0D73DBF4070B3D /* AIPluginsMacOSAll */ = {
			isa = PBXAggregateTarget;
			buildConfigurationList = 5C0A46802A7E32079C8EFA85 /* Build configuration list for PBXAggregateTarget "AIPluginsMacOSAll" */;
			buildPhases = (
			);
			dependencies = (
				EACCC7FB25E65C81775FB12B /* PBXTargetDependency */,
				6861750D26C43A7D8641ACBF /* PBXTargetDependency */,
				1A5681112944FCD9FC9F4803 /* PBXTargetDependency */,
				BC846C53425711A4BF06F2AF /* PBXTargetDependency */,
				090B523CFAA1003160E8BAD5 /* PBXTargetDependency */,
			);
			name = AIPluginsMacOSAll;
			packageProductDependencies = (
			);
			productName = AIPluginsMacOSAll;
		};
/* End PBXAggregateTarget section */

/* Begin PBXBuildFile section */
		0402967F840821AB19BE9BC8 /* AgenticToolkitCore.framework in Frameworks */ = {isa = PBXBuildFile; fileRef = CF66E50A0D1A855958BEA428 /* AgenticToolkitCore.framework */; };
		080049D9529510ECE6CAE63D /* ClaudeAPISettingsPanelViewController.swift in Sources */ = {isa = PBXBuildFile; fileRef = 985A816B613BC9E9E2A003B4 /* ClaudeAPISettingsPanelViewController.swift */; };
		08CD61FEF0AA17A5021AAC3E /* AgenticToolkitCoreUI.framework in Frameworks */ = {isa = PBXBuildFile; fileRef = B1FE388575634374C6EF31CA /* AgenticToolkitCoreUI.framework */; };
		0C280D3118DF8443EE8A8CE9 /* AgenticToolkitCoreMacOS.framework in Frameworks */ = {isa = PBXBuildFile; fileRef = 4F3A910E4D0E684CD891433B /* AgenticToolkitCoreMacOS.framework */; };
		13207D74A2D4297BD27C9106 /* OpenAISettingsPanelViewController.swift in Sources */ = {isa = PBXBuildFile; fileRef = DA6D352531361C0921D72300 /* OpenAISettingsPanelViewController.swift */; };
		199715F1320C42B6C9D379AD /* OpenAICompatibleSettingsPanelViewController.swift in Sources */ = {isa = PBXBuildFile; fileRef = F4DE7F22A6C62D04B3A8718E /* OpenAICompatibleSettingsPanelViewController.swift */; };
		1EC15736F3B83A028DC7070A /* AIPluginsShared.framework in Frameworks */ = {isa = PBXBuildFile; fileRef = 22CB661D952D3631C95DA993 /* AIPluginsShared.framework */; };
		2403FC11F8618E249FFC5C99 /* AgenticToolkitMacOS.framework in Frameworks */ = {isa = PBXBuildFile; fileRef = 46169BC0B6B64C6669B8FF2D /* AgenticToolkitMacOS.framework */; };
		2F2949119F7328EBCD4BB9B4 /* AgenticToolkitMacOS.framework in Frameworks */ = {isa = PBXBuildFile; fileRef = 46169BC0B6B64C6669B8FF2D /* AgenticToolkitMacOS.framework */; };
		3059F0FE2158F9D1A42E8942 /* AIPluginsShared.framework in Frameworks */ = {isa = PBXBuildFile; fileRef = 22CB661D952D3631C95DA993 /* AIPluginsShared.framework */; };
		3A8BBA6957C77FCDEFDEB912 /* AgenticToolkitCoreMacOS.framework in Frameworks */ = {isa = PBXBuildFile; fileRef = 4F3A910E4D0E684CD891433B /* AgenticToolkitCoreMacOS.framework */; };
		3C1691DD645A15FBA12CD8E2 /* ClaudeLocalSettingsPanelViewController.swift in Sources */ = {isa = PBXBuildFile; fileRef = 69FC91CCCB896878C991DE64 /* ClaudeLocalSettingsPanelViewController.swift */; };
		4055E75B95ABB98D4EBDA069 /* OpenAICompatiblePlugin.swift in Sources */ = {isa = PBXBuildFile; fileRef = B571AAC015A36CF7AC1CB2AF /* OpenAICompatiblePlugin.swift */; };
		4084A4F16B6A097CB1A52AB5 /* AgenticToolkitCoreMacOS.framework in Frameworks */ = {isa = PBXBuildFile; fileRef = 4F3A910E4D0E684CD891433B /* AgenticToolkitCoreMacOS.framework */; };
		437809BB2F98D12DD178D2E5 /* AgenticToolkitMacOS.framework in Frameworks */ = {isa = PBXBuildFile; fileRef = 46169BC0B6B64C6669B8FF2D /* AgenticToolkitMacOS.framework */; };
		443A94A6462F2FA59AE9EE01 /* AIPluginsShared.docc in Sources */ = {isa = PBXBuildFile; fileRef = 04942BD0CA5C07F49E985689 /* AIPluginsShared.docc */; };
		5427E0C5C6498DFB675E44D9 /* PluginSettingsPanel.swift in Sources */ = {isa = PBXBuildFile; fileRef = 9C9C578FC190C92331E68CF4 /* PluginSettingsPanel.swift */; };
		551A3DCB1EC3294C19D9BA9A /* AgenticToolkitCoreUI.framework in Frameworks */ = {isa = PBXBuildFile; fileRef = B1FE388575634374C6EF31CA /* AgenticToolkitCoreUI.framework */; };
		595E5ABED27581925D31201F /* AIPluginsShared.framework in Frameworks */ = {isa = PBXBuildFile; fileRef = 22CB661D952D3631C95DA993 /* AIPluginsShared.framework */; };
		5D9694753D71EAE3C8DB8AAE /* AgenticToolkitCoreUI.framework in Frameworks */ = {isa = PBXBuildFile; fileRef = B1FE388575634374C6EF31CA /* AgenticToolkitCoreUI.framework */; };
		603E5FC6F6962C6B3154112F /* AIPluginsShared.framework in Frameworks */ = {isa = PBXBuildFile; fileRef = 22CB661D952D3631C95DA993 /* AIPluginsShared.framework */; };
		6A07604A6CCEAF2674BD7105 /* AgenticToolkitCoreMacOS.framework in Frameworks */ = {isa = PBXBuildFile; fileRef = 4F3A910E4D0E684CD891433B /* AgenticToolkitCoreMacOS.framework */; };
		6B7B1DD86E2D8CF390411B8E /* GoogleSettingsPanelViewController.swift in Sources */ = {isa = PBXBuildFile; fileRef = 7B89DF82813E260680FF5BFF /* GoogleSettingsPanelViewController.swift */; };
		6CECE5D45CEA51315CE3980C /* GooglePlugin.swift in Sources */ = {isa = PBXBuildFile; fileRef = E8E7F00486CCEB3CFB46EB96 /* GooglePlugin.swift */; };
		73CCC98C05B6900D3F94D267 /* AgenticToolkitCoreMacOS.framework in Frameworks */ = {isa = PBXBuildFile; fileRef = 4F3A910E4D0E684CD891433B /* AgenticToolkitCoreMacOS.framework */; };
		74818FB01D12C67F2A40013D /* AIPluginsShared.framework in Frameworks */ = {isa = PBXBuildFile; fileRef = 22CB661D952D3631C95DA993 /* AIPluginsShared.framework */; };
		7CAF48CE874CFD264D943BAB /* AIPluginsShared.swift in Sources */ = {isa = PBXBuildFile; fileRef = 2FC01AE2DD1AE691FE220637 /* AIPluginsShared.swift */; };
		84697DE53A9AA78B5D4F4B12 /* AgenticToolkitCore.framework in Frameworks */ = {isa = PBXBuildFile; fileRef = CF66E50A0D1A855958BEA428 /* AgenticToolkitCore.framework */; };
		893C303BE350EA5A2F1BE0EE /* ClaudeLocalPlugin.swift in Sources */ = {isa = PBXBuildFile; fileRef = 8CE3B7CA4B2495D6C42AF319 /* ClaudeLocalPlugin.swift */; };
		97F3D0DED1C69A11AEFEFF91 /* AgenticToolkitCoreUI.framework in Frameworks */ = {isa = PBXBuildFile; fileRef = B1FE388575634374C6EF31CA /* AgenticToolkitCoreUI.framework */; };
		A4C79FED4C5E26CE247C2305 /* ClaudeAPIPlugin.swift in Sources */ = {isa = PBXBuildFile; fileRef = FCF0E2C70955B3DCFD52F42E /* ClaudeAPIPlugin.swift */; };
		A9FC14B3250E4A7510095AE9 /* OpenAIPlugin.swift in Sources */ = {isa = PBXBuildFile; fileRef = 8CE5EC26A0AB7F543D9FE01E /* OpenAIPlugin.swift */; };
		AF31F278FFEA9C86F5C3BE4A /* AgenticToolkitCore.framework in Frameworks */ = {isa = PBXBuildFile; fileRef = CF66E50A0D1A855958BEA428 /* AgenticToolkitCore.framework */; };
		B29BEF2851210757EF9D3040 /* AgenticToolkitCoreUI.framework in Frameworks */ = {isa = PBXBuildFile; fileRef = B1FE388575634374C6EF31CA /* AgenticToolkitCoreUI.framework */; };
		B7AF78CC401FF552CEB1E1E4 /* AgenticToolkitMacOS.framework in Frameworks */ = {isa = PBXBuildFile; fileRef = 46169BC0B6B64C6669B8FF2D /* AgenticToolkitMacOS.framework */; };
		D5A026E273E94600EB7A7EA9 /* AgenticToolkitMacOS.framework in Frameworks */ = {isa = PBXBuildFile; fileRef = 46169BC0B6B64C6669B8FF2D /* AgenticToolkitMacOS.framework */; };
		D7BD7353E30F98ACC6B3B572 /* AgenticToolkitMacOS.framework in Frameworks */ = {isa = PBXBuildFile; fileRef = 46169BC0B6B64C6669B8FF2D /* AgenticToolkitMacOS.framework */; };
		D8AD2B97AACFACDF9D78F387 /* AgenticToolkitCore.framework in Frameworks */ = {isa = PBXBuildFile; fileRef = CF66E50A0D1A855958BEA428 /* AgenticToolkitCore.framework */; };
		E86495041A42A24FE327846D /* AIPluginsSharedTests.swift in Sources */ = {isa = PBXBuildFile; fileRef = 4DAE4A144F4AB9E8E58C045C /* AIPluginsSharedTests.swift */; };
		EBF1E30C8FA0406E6B820B65 /* AIPluginsShared.framework in Frameworks */ = {isa = PBXBuildFile; fileRef = 22CB661D952D3631C95DA993 /* AIPluginsShared.framework */; };
		F3DCED4B3D04FF3DDC1BC61E /* AgenticToolkitCore.framework in Frameworks */ = {isa = PBXBuildFile; fileRef = CF66E50A0D1A855958BEA428 /* AgenticToolkitCore.framework */; };
		F592EBD042D1264C09A306A0 /* AgenticToolkitCoreMacOS.framework in Frameworks */ = {isa = PBXBuildFile; fileRef = 4F3A910E4D0E684CD891433B /* AgenticToolkitCoreMacOS.framework */; };
		F72D1E8D8D0919E1E241CEFE /* AgenticToolkitCore.framework in Frameworks */ = {isa = PBXBuildFile; fileRef = CF66E50A0D1A855958BEA428 /* AgenticToolkitCore.framework */; };
		FBF9F9D2FFE7DA17904C4A17 /* AgenticToolkitCoreUI.framework in Frameworks */ = {isa = PBXBuildFile; fileRef = B1FE388575634374C6EF31CA /* AgenticToolkitCoreUI.framework */; };
/* End PBXBuildFile section */

/* Begin PBXContainerItemProxy section */
		017AD5E8C1F9A2A0C43A0928 /* PBXContainerItemProxy */ = {
			isa = PBXContainerItemProxy;
			containerPortal = AB6EE58E62C50776B8A0372B /* AgenticToolkit */;
			proxyType = 1;
			remoteGlobalIDString = 365680A3AF7F55383EB7E763;
			remoteInfo = AgenticToolkitMacOS;
		};
		0D7F6384A80E362AED790B33 /* PBXContainerItemProxy */ = {
			isa = PBXContainerItemProxy;
			containerPortal = DD383D4A13970DC0F38EC011 /* Project object */;
			proxyType = 1;
			remoteGlobalIDString = 3273A57251DF85E655903D56;
			remoteInfo = AIPluginsShared;
		};
		1484A1E979E48629AF364595 /* PBXContainerItemProxy */ = {
			isa = PBXContainerItemProxy;
			containerPortal = AB6EE58E62C50776B8A0372B /* AgenticToolkit */;
			proxyType = 1;
			remoteGlobalIDString = 003F8A478BDB5243DE76FA9E;
			remoteInfo = AgenticToolkitCore;
		};
		27D495B3FE418BB4369A3505 /* PBXContainerItemProxy */ = {
			isa = PBXContainerItemProxy;
			containerPortal = AB6EE58E62C50776B8A0372B /* AgenticToolkit */;
			proxyType = 1;
			remoteGlobalIDString = 1E3A144560D2664472251EE8;
			remoteInfo = AgenticToolkitCoreMacOS;
		};
		2841EABE660F3A4F34A9298F /* PBXContainerItemProxy */ = {
			isa = PBXContainerItemProxy;
			containerPortal = AB6EE58E62C50776B8A0372B /* AgenticToolkit */;
			proxyType = 1;
			remoteGlobalIDString = 003F8A478BDB5243DE76FA9E;
			remoteInfo = AgenticToolkitCore;
		};
		2BD4387975E9CC8573973B6F /* PBXContainerItemProxy */ = {
			isa = PBXContainerItemProxy;
			containerPortal = DD383D4A13970DC0F38EC011 /* Project object */;
			proxyType = 1;
			remoteGlobalIDString = 3273A57251DF85E655903D56;
			remoteInfo = AIPluginsShared;
		};
		370832373A65CFEEF49A10D2 /* PBXContainerItemProxy */ = {
			isa = PBXContainerItemProxy;
			containerPortal = AB6EE58E62C50776B8A0372B /* AgenticToolkit */;
			proxyType = 1;
			remoteGlobalIDString = AC88CFADE46A8B4C98268076;
			remoteInfo = AgenticToolkitCoreUI;
		};
		412C808986443A07B7661CF4 /* PBXContainerItemProxy */ = {
			isa = PBXContainerItemProxy;
			containerPortal = AB6EE58E62C50776B8A0372B /* AgenticToolkit */;
			proxyType = 1;
			remoteGlobalIDString = AC88CFADE46A8B4C98268076;
			remoteInfo = AgenticToolkitCoreUI;
		};
		48282FFF22F82D40BBFB9E95 /* PBXContainerItemProxy */ = {
			isa = PBXContainerItemProxy;
			containerPortal = DD383D4A13970DC0F38EC011 /* Project object */;
			proxyType = 1;
			remoteGlobalIDString = 78D0E6AA9542822FD01209E4;
			remoteInfo = ClaudeAPI;
		};
		49121C9EF75F34F8337F1A93 /* PBXContainerItemProxy */ = {
			isa = PBXContainerItemProxy;
			containerPortal = AB6EE58E62C50776B8A0372B /* AgenticToolkit */;
			proxyType = 2;
			remoteGlobalIDString = 7A6A6F1AF7704D404EE128D5;
			remoteInfo = AgenticToolkitCoreUI;
		};
		4B09FFAA736A4F5C3473594D /* PBXContainerItemProxy */ = {
			isa = PBXContainerItemProxy;
			containerPortal = AB6EE58E62C50776B8A0372B /* AgenticToolkit */;
			proxyType = 1;
			remoteGlobalIDString = 1E3A144560D2664472251EE8;
			remoteInfo = AgenticToolkitCoreMacOS;
		};
		4CC90DECE451BFF4A540AA7A /* PBXContainerItemProxy */ = {
			isa = PBXContainerItemProxy;
			containerPortal = AB6EE58E62C50776B8A0372B /* AgenticToolkit */;
			proxyType = 1;
			remoteGlobalIDString = 003F8A478BDB5243DE76FA9E;
			remoteInfo = AgenticToolkitCore;
		};
		50624698D6B3AD1F204D8F57 /* PBXContainerItemProxy */ = {
			isa = PBXContainerItemProxy;
			containerPortal = AB6EE58E62C50776B8A0372B /* AgenticToolkit */;
			proxyType = 1;
			remoteGlobalIDString = 365680A3AF7F55383EB7E763;
			remoteInfo = AgenticToolkitMacOS;
		};
		6B4C2F6F911068D3C56CBD7E /* PBXContainerItemProxy */ = {
			isa = PBXContainerItemProxy;
			containerPortal = DD383D4A13970DC0F38EC011 /* Project object */;
			proxyType = 1;
			remoteGlobalIDString = 3273A57251DF85E655903D56;
			remoteInfo = AIPluginsShared;
		};
		6E395ED4CC40EB13E7453FE1 /* PBXContainerItemProxy */ = {
			isa = PBXContainerItemProxy;
			containerPortal = DD383D4A13970DC0F38EC011 /* Project object */;
			proxyType = 1;
			remoteGlobalIDString = 3273A57251DF85E655903D56;
			remoteInfo = AIPluginsShared;
		};
		840D9D7C9DECD44B35C1B072 /* PBXContainerItemProxy */ = {
			isa = PBXContainerItemProxy;
			containerPortal = DD383D4A13970DC0F38EC011 /* Project object */;
			proxyType = 1;
			remoteGlobalIDString = 69B12492E5D241F6EF3DAC75;
			remoteInfo = ClaudeLocal;
		};
		8BA7673417DE3216CC60C3AD /* PBXContainerItemProxy */ = {
			isa = PBXContainerItemProxy;
			containerPortal = AB6EE58E62C50776B8A0372B /* AgenticToolkit */;
			proxyType = 1;
			remoteGlobalIDString = 365680A3AF7F55383EB7E763;
			remoteInfo = AgenticToolkitMacOS;
		};
		8E99CA09333C2F7BAD1A14E2 /* PBXContainerItemProxy */ = {
			isa = PBXContainerItemProxy;
			containerPortal = AB6EE58E62C50776B8A0372B /* AgenticToolkit */;
			proxyType = 2;
			remoteGlobalIDString = F03FB5CC81FF718A106A6513;
			remoteInfo = AgenticToolkitMacOS;
		};
		939F4CFC05AE502C28D2AABC /* PBXContainerItemProxy */ = {
			isa = PBXContainerItemProxy;
			containerPortal = AB6EE58E62C50776B8A0372B /* AgenticToolkit */;
			proxyType = 1;
			remoteGlobalIDString = AC88CFADE46A8B4C98268076;
			remoteInfo = AgenticToolkitCoreUI;
		};
		97291B4790BAA7A3A1162ECC /* PBXContainerItemProxy */ = {
			isa = PBXContainerItemProxy;
			containerPortal = AB6EE58E62C50776B8A0372B /* AgenticToolkit */;
			proxyType = 1;
			remoteGlobalIDString = 003F8A478BDB5243DE76FA9E;
			remoteInfo = AgenticToolkitCore;
		};
		B0E3594C8FAA077B86CB91D1 /* PBXContainerItemProxy */ = {
			isa = PBXContainerItemProxy;
			containerPortal = DD383D4A13970DC0F38EC011 /* Project object */;
			proxyType = 1;
			remoteGlobalIDString = BA37AF4B2F16BE7AB23931CA;
			remoteInfo = Google;
		};
		B8B16DD4E67DE0B147CAC0A0 /* PBXContainerItemProxy */ = {
			isa = PBXContainerItemProxy;
			containerPortal = AB6EE58E62C50776B8A0372B /* AgenticToolkit */;
			proxyType = 1;
			remoteGlobalIDString = 003F8A478BDB5243DE76FA9E;
			remoteInfo = AgenticToolkitCore;
		};
		BB97026E39272E7F8E606214 /* PBXContainerItemProxy */ = {
			isa = PBXContainerItemProxy;
			containerPortal = AB6EE58E62C50776B8A0372B /* AgenticToolkit */;
			proxyType = 1;
			remoteGlobalIDString = AC88CFADE46A8B4C98268076;
			remoteInfo = AgenticToolkitCoreUI;
		};
		BDB3F96B41B58765F95B6A66 /* PBXContainerItemProxy */ = {
			isa = PBXContainerItemProxy;
			containerPortal = AB6EE58E62C50776B8A0372B /* AgenticToolkit */;
			proxyType = 2;
			remoteGlobalIDString = FF857DF2BB3D2BE006BBA101;
			remoteInfo = AgenticToolkitCore;
		};
		C0291EAB3466BF0CCB87E915 /* PBXContainerItemProxy */ = {
			isa = PBXContainerItemProxy;
			containerPortal = AB6EE58E62C50776B8A0372B /* AgenticToolkit */;
			proxyType = 1;
			remoteGlobalIDString = 1E3A144560D2664472251EE8;
			remoteInfo = AgenticToolkitCoreMacOS;
		};
		C08C287D2F1C7803260AC1C2 /* PBXContainerItemProxy */ = {
			isa = PBXContainerItemProxy;
			containerPortal = AB6EE58E62C50776B8A0372B /* AgenticToolkit */;
			proxyType = 1;
			remoteGlobalIDString = 365680A3AF7F55383EB7E763;
			remoteInfo = AgenticToolkitMacOS;
		};
		C4BE1928FFBCEB43F421A081 /* PBXContainerItemProxy */ = {
			isa = PBXContainerItemProxy;
			containerPortal = AB6EE58E62C50776B8A0372B /* AgenticToolkit */;
			proxyType = 1;
			remoteGlobalIDString = 003F8A478BDB5243DE76FA9E;
			remoteInfo = AgenticToolkitCore;
		};
		CA646CD5815CA1560C196EEF /* PBXContainerItemProxy */ = {
			isa = PBXContainerItemProxy;
			containerPortal = AB6EE58E62C50776B8A0372B /* AgenticToolkit */;
			proxyType = 1;
			remoteGlobalIDString = 1E3A144560D2664472251EE8;
			remoteInfo = AgenticToolkitCoreMacOS;
		};
		D0757490EA15800F71D7107F /* PBXContainerItemProxy */ = {
			isa = PBXContainerItemProxy;
			containerPortal = AB6EE58E62C50776B8A0372B /* AgenticToolkit */;
			proxyType = 1;
			remoteGlobalIDString = AC88CFADE46A8B4C98268076;
			remoteInfo = AgenticToolkitCoreUI;
		};
		DA55620CA1444FD0E7FEA7C3 /* PBXContainerItemProxy */ = {
			isa = PBXContainerItemProxy;
			containerPortal = AB6EE58E62C50776B8A0372B /* AgenticToolkit */;
			proxyType = 1;
			remoteGlobalIDString = 365680A3AF7F55383EB7E763;
			remoteInfo = AgenticToolkitMacOS;
		};
		DD678D36375EC41B9A63D71F /* PBXContainerItemProxy */ = {
			isa = PBXContainerItemProxy;
			containerPortal = DD383D4A13970DC0F38EC011 /* Project object */;
			proxyType = 1;
			remoteGlobalIDString = 4902207C4C9CDF009D44C9FA;
			remoteInfo = OpenAICompatible;
		};
		DDE1E4A58BC21C89A4B9F4C5 /* PBXContainerItemProxy */ = {
			isa = PBXContainerItemProxy;
			containerPortal = AB6EE58E62C50776B8A0372B /* AgenticToolkit */;
			proxyType = 1;
			remoteGlobalIDString = 1E3A144560D2664472251EE8;
			remoteInfo = AgenticToolkitCoreMacOS;
		};
		E014F487ACD1DB023FF06B43 /* PBXContainerItemProxy */ = {
			isa = PBXContainerItemProxy;
			containerPortal = AB6EE58E62C50776B8A0372B /* AgenticToolkit */;
			proxyType = 1;
			remoteGlobalIDString = AC88CFADE46A8B4C98268076;
			remoteInfo = AgenticToolkitCoreUI;
		};
		EEB99B077AF1795D948409CC /* PBXContainerItemProxy */ = {
			isa = PBXContainerItemProxy;
			containerPortal = AB6EE58E62C50776B8A0372B /* AgenticToolkit */;
			proxyType = 1;
			remoteGlobalIDString = 1E3A144560D2664472251EE8;
			remoteInfo = AgenticToolkitCoreMacOS;
		};
		F18012AC326A3482757EB4F6 /* PBXContainerItemProxy */ = {
			isa = PBXContainerItemProxy;
			containerPortal = AB6EE58E62C50776B8A0372B /* AgenticToolkit */;
			proxyType = 1;
			remoteGlobalIDString = 365680A3AF7F55383EB7E763;
			remoteInfo = AgenticToolkitMacOS;
		};
		F4E9ACB38C5FC32699354F66 /* PBXContainerItemProxy */ = {
			isa = PBXContainerItemProxy;
			containerPortal = DD383D4A13970DC0F38EC011 /* Project object */;
			proxyType = 1;
			remoteGlobalIDString = 3273A57251DF85E655903D56;
			remoteInfo = AIPluginsShared;
		};
		F8815866460D6FA97F7415FD /* PBXContainerItemProxy */ = {
			isa = PBXContainerItemProxy;
			containerPortal = DD383D4A13970DC0F38EC011 /* Project object */;
			proxyType = 1;
			remoteGlobalIDString = 3273A57251DF85E655903D56;
			remoteInfo = AIPluginsShared;
		};
		F91AAC41B8E56FF85764CCD9 /* PBXContainerItemProxy */ = {
			isa = PBXContainerItemProxy;
			containerPortal = DD383D4A13970DC0F38EC011 /* Project object */;
			proxyType = 1;
			remoteGlobalIDString = 40E8B4B9D4D13B107306FAD1;
			remoteInfo = OpenAI;
		};
		FE63073EA65B8D9915798BE7 /* PBXContainerItemProxy */ = {
			isa = PBXContainerItemProxy;
			containerPortal = AB6EE58E62C50776B8A0372B /* AgenticToolkit */;
			proxyType = 2;
			remoteGlobalIDString = 61310A916E242BA60A9FE8C1;
			remoteInfo = AgenticToolkitCoreMacOS;
		};
/* End PBXContainerItemProxy section */

/* Begin PBXFileReference section */
		04942BD0CA5C07F49E985689 /* AIPluginsShared.docc */ = {isa = PBXFileReference; lastKnownFileType = folder.documentationcatalog; path = AIPluginsShared.docc; sourceTree = "<group>"; };
		22CB661D952D3631C95DA993 /* AIPluginsShared.framework */ = {isa = PBXFileReference; explicitFileType = wrapper.framework; includeInIndex = 0; path = AIPluginsShared.framework; sourceTree = BUILT_PRODUCTS_DIR; };
		2FC01AE2DD1AE691FE220637 /* AIPluginsShared.swift */ = {isa = PBXFileReference; lastKnownFileType = sourcecode.swift; path = AIPluginsShared.swift; sourceTree = "<group>"; };
		3708230603088AE19948655A /* AIPluginsSharedTests.xctest */ = {isa = PBXFileReference; explicitFileType = wrapper.cfbundle; includeInIndex = 0; path = AIPluginsSharedTests.xctest; sourceTree = BUILT_PRODUCTS_DIR; };
		4DAE4A144F4AB9E8E58C045C /* AIPluginsSharedTests.swift */ = {isa = PBXFileReference; lastKnownFileType = sourcecode.swift; path = AIPluginsSharedTests.swift; sourceTree = "<group>"; };
		69FC91CCCB896878C991DE64 /* ClaudeLocalSettingsPanelViewController.swift */ = {isa = PBXFileReference; lastKnownFileType = sourcecode.swift; path = ClaudeLocalSettingsPanelViewController.swift; sourceTree = "<group>"; };
		79563BD36327321665696A42 /* ClaudeLocal.bundle */ = {isa = PBXFileReference; explicitFileType = wrapper.cfbundle; includeInIndex = 0; path = ClaudeLocal.bundle; sourceTree = BUILT_PRODUCTS_DIR; };
		7B89DF82813E260680FF5BFF /* GoogleSettingsPanelViewController.swift */ = {isa = PBXFileReference; lastKnownFileType = sourcecode.swift; path = GoogleSettingsPanelViewController.swift; sourceTree = "<group>"; };
		7F7CEFDBC7B0E9FF507E8015 /* OpenAI.bundle */ = {isa = PBXFileReference; explicitFileType = wrapper.cfbundle; includeInIndex = 0; path = OpenAI.bundle; sourceTree = BUILT_PRODUCTS_DIR; };
		8A6A612856009C2E5E21A3C2 /* ClaudeAPI.bundle */ = {isa = PBXFileReference; explicitFileType = wrapper.cfbundle; includeInIndex = 0; path = ClaudeAPI.bundle; sourceTree = BUILT_PRODUCTS_DIR; };
		8CE3B7CA4B2495D6C42AF319 /* ClaudeLocalPlugin.swift */ = {isa = PBXFileReference; lastKnownFileType = sourcecode.swift; path = ClaudeLocalPlugin.swift; sourceTree = "<group>"; };
		8CE5EC26A0AB7F543D9FE01E /* OpenAIPlugin.swift */ = {isa = PBXFileReference; lastKnownFileType = sourcecode.swift; path = OpenAIPlugin.swift; sourceTree = "<group>"; };
		985A816B613BC9E9E2A003B4 /* ClaudeAPISettingsPanelViewController.swift */ = {isa = PBXFileReference; lastKnownFileType = sourcecode.swift; path = ClaudeAPISettingsPanelViewController.swift; sourceTree = "<group>"; };
		9C9C578FC190C92331E68CF4 /* PluginSettingsPanel.swift */ = {isa = PBXFileReference; lastKnownFileType = sourcecode.swift; path = PluginSettingsPanel.swift; sourceTree = "<group>"; };
		AB6EE58E62C50776B8A0372B /* AgenticToolkit */ = {isa = PBXFileReference; lastKnownFileType = "wrapper.pb-project"; name = AgenticToolkit; path = ../AgenticToolkit/AgenticToolkit.xcodeproj; sourceTree = "<group>"; };
		AE0AF1BEA1B1871B876D693A /* Google.bundle */ = {isa = PBXFileReference; explicitFileType = wrapper.cfbundle; includeInIndex = 0; path = Google.bundle; sourceTree = BUILT_PRODUCTS_DIR; };
		B571AAC015A36CF7AC1CB2AF /* OpenAICompatiblePlugin.swift */ = {isa = PBXFileReference; lastKnownFileType = sourcecode.swift; path = OpenAICompatiblePlugin.swift; sourceTree = "<group>"; };
		D19C0E456C2DCC53E589A20F /* OpenAICompatible.bundle */ = {isa = PBXFileReference; explicitFileType = wrapper.cfbundle; includeInIndex = 0; path = OpenAICompatible.bundle; sourceTree = BUILT_PRODUCTS_DIR; };
		DA6D352531361C0921D72300 /* OpenAISettingsPanelViewController.swift */ = {isa = PBXFileReference; lastKnownFileType = sourcecode.swift; path = OpenAISettingsPanelViewController.swift; sourceTree = "<group>"; };
		E8E7F00486CCEB3CFB46EB96 /* GooglePlugin.swift */ = {isa = PBXFileReference; lastKnownFileType = sourcecode.swift; path = GooglePlugin.swift; sourceTree = "<group>"; };
		F4DE7F22A6C62D04B3A8718E /* OpenAICompatibleSettingsPanelViewController.swift */ = {isa = PBXFileReference; lastKnownFileType = sourcecode.swift; path = OpenAICompatibleSettingsPanelViewController.swift; sourceTree = "<group>"; };
		FCF0E2C70955B3DCFD52F42E /* ClaudeAPIPlugin.swift */ = {isa = PBXFileReference; lastKnownFileType = sourcecode.swift; path = ClaudeAPIPlugin.swift; sourceTree = "<group>"; };
/* End PBXFileReference section */

/* Begin PBXFrameworksBuildPhase section */
		0CA7216478AAF9B7CABC141C /* Frameworks */ = {
			isa = PBXFrameworksBuildPhase;
			buildActionMask = 2147483647;
			files = (
				D8AD2B97AACFACDF9D78F387 /* AgenticToolkitCore.framework in Frameworks */,
				B29BEF2851210757EF9D3040 /* AgenticToolkitCoreUI.framework in Frameworks */,
				73CCC98C05B6900D3F94D267 /* AgenticToolkitCoreMacOS.framework in Frameworks */,
				D5A026E273E94600EB7A7EA9 /* AgenticToolkitMacOS.framework in Frameworks */,
			);
			runOnlyForDeploymentPostprocessing = 0;
		};
		37DD630D5D8B26C7D88EA857 /* Frameworks */ = {
			isa = PBXFrameworksBuildPhase;
			buildActionMask = 2147483647;
			files = (
				595E5ABED27581925D31201F /* AIPluginsShared.framework in Frameworks */,
			);
			runOnlyForDeploymentPostprocessing = 0;
		};
		A485582FFBCEF05D094E364A /* Frameworks */ = {
			isa = PBXFrameworksBuildPhase;
			buildActionMask = 2147483647;
			files = (
				1EC15736F3B83A028DC7070A /* AIPluginsShared.framework in Frameworks */,
				F72D1E8D8D0919E1E241CEFE /* AgenticToolkitCore.framework in Frameworks */,
				551A3DCB1EC3294C19D9BA9A /* AgenticToolkitCoreUI.framework in Frameworks */,
				4084A4F16B6A097CB1A52AB5 /* AgenticToolkitCoreMacOS.framework in Frameworks */,
				437809BB2F98D12DD178D2E5 /* AgenticToolkitMacOS.framework in Frameworks */,
			);
			runOnlyForDeploymentPostprocessing = 0;
		};
		B8363725CBB07A8D107F344F /* Frameworks */ = {
			isa = PBXFrameworksBuildPhase;
			buildActionMask = 2147483647;
			files = (
				74818FB01D12C67F2A40013D /* AIPluginsShared.framework in Frameworks */,
				0402967F840821AB19BE9BC8 /* AgenticToolkitCore.framework in Frameworks */,
				97F3D0DED1C69A11AEFEFF91 /* AgenticToolkitCoreUI.framework in Frameworks */,
				F592EBD042D1264C09A306A0 /* AgenticToolkitCoreMacOS.framework in Frameworks */,
				2F2949119F7328EBCD4BB9B4 /* AgenticToolkitMacOS.framework in Frameworks */,
			);
			runOnlyForDeploymentPostprocessing = 0;
		};
		BB1BC382756F5F5B05AAC170 /* Frameworks */ = {
			isa = PBXFrameworksBuildPhase;
			buildActionMask = 2147483647;
			files = (
				3059F0FE2158F9D1A42E8942 /* AIPluginsShared.framework in Frameworks */,
				84697DE53A9AA78B5D4F4B12 /* AgenticToolkitCore.framework in Frameworks */,
				5D9694753D71EAE3C8DB8AAE /* AgenticToolkitCoreUI.framework in Frameworks */,
				6A07604A6CCEAF2674BD7105 /* AgenticToolkitCoreMacOS.framework in Frameworks */,
				B7AF78CC401FF552CEB1E1E4 /* AgenticToolkitMacOS.framework in Frameworks */,
			);
			runOnlyForDeploymentPostprocessing = 0;
		};
		EF5DE97AD8241ECE6A431536 /* Frameworks */ = {
			isa = PBXFrameworksBuildPhase;
			buildActionMask = 2147483647;
			files = (
				603E5FC6F6962C6B3154112F /* AIPluginsShared.framework in Frameworks */,
				AF31F278FFEA9C86F5C3BE4A /* AgenticToolkitCore.framework in Frameworks */,
				08CD61FEF0AA17A5021AAC3E /* AgenticToolkitCoreUI.framework in Frameworks */,
				0C280D3118DF8443EE8A8CE9 /* AgenticToolkitCoreMacOS.framework in Frameworks */,
				D7BD7353E30F98ACC6B3B572 /* AgenticToolkitMacOS.framework in Frameworks */,
			);
			runOnlyForDeploymentPostprocessing = 0;
		};
		EFB4957DD3809E5D70D985DA /* Frameworks */ = {
			isa = PBXFrameworksBuildPhase;
			buildActionMask = 2147483647;
			files = (
				EBF1E30C8FA0406E6B820B65 /* AIPluginsShared.framework in Frameworks */,
				F3DCED4B3D04FF3DDC1BC61E /* AgenticToolkitCore.framework in Frameworks */,
				FBF9F9D2FFE7DA17904C4A17 /* AgenticToolkitCoreUI.framework in Frameworks */,
				3A8BBA6957C77FCDEFDEB912 /* AgenticToolkitCoreMacOS.framework in Frameworks */,
				2403FC11F8618E249FFC5C99 /* AgenticToolkitMacOS.framework in Frameworks */,
			);
			runOnlyForDeploymentPostprocessing = 0;
		};
/* End PBXFrameworksBuildPhase section */

/* Begin PBXGroup section */
		0D8A4F47D84F5070E4497A2C /* AIPluginsShared */ = {
			isa = PBXGroup;
			children = (
				04942BD0CA5C07F49E985689 /* AIPluginsShared.docc */,
				2FC01AE2DD1AE691FE220637 /* AIPluginsShared.swift */,
				9C9C578FC190C92331E68CF4 /* PluginSettingsPanel.swift */,
			);
			path = AIPluginsShared;
			sourceTree = "<group>";
		};
		3013958099BFCD9E9487936E = {
			isa = PBXGroup;
			children = (
				0D8A4F47D84F5070E4497A2C /* AIPluginsShared */,
				6192CDAA677EB39984E0EF86 /* AIPluginsSharedTests */,
				DCAE058B722229AB2380FE17 /* ClaudeAPI */,
				E84549BD419E267A6C27B4A5 /* ClaudeLocal */,
				9E67D7008AE28148248B689F /* Google */,
				D2138CB62BB44E61B98DD24C /* OpenAI */,
				FE96172D919F63BB17190BCD /* OpenAICompatible */,
				512156939C8E6A387DA6BA98 /* Products */,
				8F29C301737460E330F4AAEA /* Projects */,
			);
			sourceTree = "<group>";
		};
		512156939C8E6A387DA6BA98 /* Products */ = {
			isa = PBXGroup;
			children = (
				22CB661D952D3631C95DA993 /* AIPluginsShared.framework */,
				3708230603088AE19948655A /* AIPluginsSharedTests.xctest */,
				8A6A612856009C2E5E21A3C2 /* ClaudeAPI.bundle */,
				79563BD36327321665696A42 /* ClaudeLocal.bundle */,
				AE0AF1BEA1B1871B876D693A /* Google.bundle */,
				7F7CEFDBC7B0E9FF507E8015 /* OpenAI.bundle */,
				D19C0E456C2DCC53E589A20F /* OpenAICompatible.bundle */,
			);
			name = Products;
			sourceTree = "<group>";
		};
		6192CDAA677EB39984E0EF86 /* AIPluginsSharedTests */ = {
			isa = PBXGroup;
			children = (
				4DAE4A144F4AB9E8E58C045C /* AIPluginsSharedTests.swift */,
			);
			path = AIPluginsSharedTests;
			sourceTree = "<group>";
		};
		8F29C301737460E330F4AAEA /* Projects */ = {
			isa = PBXGroup;
			children = (
				AB6EE58E62C50776B8A0372B /* AgenticToolkit */,
			);
			name = Projects;
			sourceTree = "<group>";
		};
		9B9DA31E23A4D50698E514B5 /* Products */ = {
			isa = PBXGroup;
			children = (
				CF66E50A0D1A855958BEA428 /* AgenticToolkitCore.framework */,
				B1FE388575634374C6EF31CA /* AgenticToolkitCoreUI.framework */,
				4F3A910E4D0E684CD891433B /* AgenticToolkitCoreMacOS.framework */,
				46169BC0B6B64C6669B8FF2D /* AgenticToolkitMacOS.framework */,
			);
			name = Products;
			sourceTree = "<group>";
		};
		9E67D7008AE28148248B689F /* Google */ = {
			isa = PBXGroup;
			children = (
				E8E7F00486CCEB3CFB46EB96 /* GooglePlugin.swift */,
				7B89DF82813E260680FF5BFF /* GoogleSettingsPanelViewController.swift */,
			);
			path = Google;
			sourceTree = "<group>";
		};
		D2138CB62BB44E61B98DD24C /* OpenAI */ = {
			isa = PBXGroup;
			children = (
				8CE5EC26A0AB7F543D9FE01E /* OpenAIPlugin.swift */,
				DA6D352531361C0921D72300 /* OpenAISettingsPanelViewController.swift */,
			);
			path = OpenAI;
			sourceTree = "<group>";
		};
		DCAE058B722229AB2380FE17 /* ClaudeAPI */ = {
			isa = PBXGroup;
			children = (
				FCF0E2C70955B3DCFD52F42E /* ClaudeAPIPlugin.swift */,
				985A816B613BC9E9E2A003B4 /* ClaudeAPISettingsPanelViewController.swift */,
			);
			path = ClaudeAPI;
			sourceTree = "<group>";
		};
		E84549BD419E267A6C27B4A5 /* ClaudeLocal */ = {
			isa = PBXGroup;
			children = (
				8CE3B7CA4B2495D6C42AF319 /* ClaudeLocalPlugin.swift */,
				69FC91CCCB896878C991DE64 /* ClaudeLocalSettingsPanelViewController.swift */,
			);
			path = ClaudeLocal;
			sourceTree = "<group>";
		};
		FE96172D919F63BB17190BCD /* OpenAICompatible */ = {
			isa = PBXGroup;
			children = (
				B571AAC015A36CF7AC1CB2AF /* OpenAICompatiblePlugin.swift */,
				F4DE7F22A6C62D04B3A8718E /* OpenAICompatibleSettingsPanelViewController.swift */,
			);
			path = OpenAICompatible;
			sourceTree = "<group>";
		};
/* End PBXGroup section */

/* Begin PBXNativeTarget section */
		1A8925297D647E573ACF0677 /* AIPluginsSharedTests */ = {
			isa = PBXNativeTarget;
			buildConfigurationList = 6185C7BC778FFBEE7958F7FB /* Build configuration list for PBXNativeTarget "AIPluginsSharedTests" */;
			buildPhases = (
				E4EA119FF5DDEFBFDB99C7F6 /* SwiftLint */,
				2DEBD284A8DB83B83A093404 /* Sources */,
				37DD630D5D8B26C7D88EA857 /* Frameworks */,
			);
			buildRules = (
			);
			dependencies = (
				8B75A702AB60488B73A72920 /* PBXTargetDependency */,
			);
			name = AIPluginsSharedTests;
			packageProductDependencies = (
			);
			productName = AIPluginsSharedTests;
			productReference = 3708230603088AE19948655A /* AIPluginsSharedTests.xctest */;
			productType = "com.apple.product-type.bundle.unit-test";
		};
		3273A57251DF85E655903D56 /* AIPluginsShared */ = {
			isa = PBXNativeTarget;
			buildConfigurationList = E5DB9663F1B94AD285A800C3 /* Build configuration list for PBXNativeTarget "AIPluginsShared" */;
			buildPhases = (
				6A5CB89E1561E37E00A3D374 /* SwiftLint */,
				7ED9B943CE1C748AF037534F /* Sources */,
				0CA7216478AAF9B7CABC141C /* Frameworks */,
			);
			buildRules = (
			);
			dependencies = (
				FFA145F696DB28353769EA6D /* PBXTargetDependency */,
				BF23E1A5895ED390C7B2219B /* PBXTargetDependency */,
				72D8603302ABC07FE9E9C6A4 /* PBXTargetDependency */,
				1ED5FDE5542A6CA7F70B1CF9 /* PBXTargetDependency */,
			);
			name = AIPluginsShared;
			packageProductDependencies = (
			);
			productName = AIPluginsShared;
			productReference = 22CB661D952D3631C95DA993 /* AIPluginsShared.framework */;
			productType = "com.apple.product-type.framework";
		};
		40E8B4B9D4D13B107306FAD1 /* OpenAI */ = {
			isa = PBXNativeTarget;
			buildConfigurationList = D87F537587DE84EC313B093E /* Build configuration list for PBXNativeTarget "OpenAI" */;
			buildPhases = (
				7D320D4AF7DE8B7386AD85E5 /* SwiftLint */,
				500D95DB61344EC1088DBD06 /* Sources */,
				EFB4957DD3809E5D70D985DA /* Frameworks */,
				CB41CFE654A0F740A09F9DEA /* Install to ~/.agenticplugins */,
			);
			buildRules = (
			);
			dependencies = (
				7CCC0A206A6F254E2EFD1C53 /* PBXTargetDependency */,
				59CB9F86534CE0DBF1FA378D /* PBXTargetDependency */,
				33FE3556D9EED58D85381987 /* PBXTargetDependency */,
				1184846843B05AD6A34D12CD /* PBXTargetDependency */,
				D84626D343DD33DF5C3E4298 /* PBXTargetDependency */,
			);
			name = OpenAI;
			packageProductDependencies = (
			);
			productName = OpenAI;
			productReference = 7F7CEFDBC7B0E9FF507E8015 /* OpenAI.bundle */;
			productType = "com.apple.product-type.bundle";
		};
		4902207C4C9CDF009D44C9FA /* OpenAICompatible */ = {
			isa = PBXNativeTarget;
			buildConfigurationList = 5AE1062D2A8250BB76099BDB /* Build configuration list for PBXNativeTarget "OpenAICompatible" */;
			buildPhases = (
				C026AF4D53BCF5BB6973B99F /* SwiftLint */,
				B8852837DB3305F1754F92ED /* Sources */,
				BB1BC382756F5F5B05AAC170 /* Frameworks */,
				399DC83516F4F8D72F9E644F /* Install to ~/.agenticplugins */,
			);
			buildRules = (
			);
			dependencies = (
				7D7B35016B27527B4EF244A4 /* PBXTargetDependency */,
				DE1F042949C3243EAC540BFF /* PBXTargetDependency */,
				3011A61919F710659A3540DD /* PBXTargetDependency */,
				B7EA586AAF6D14952468B36B /* PBXTargetDependency */,
				D6C63D5224B2523870A2FA2F /* PBXTargetDependency */,
			);
			name = OpenAICompatible;
			packageProductDependencies = (
			);
			productName = OpenAICompatible;
			productReference = D19C0E456C2DCC53E589A20F /* OpenAICompatible.bundle */;
			productType = "com.apple.product-type.bundle";
		};
		69B12492E5D241F6EF3DAC75 /* ClaudeLocal */ = {
			isa = PBXNativeTarget;
			buildConfigurationList = 98B5DE36FF4FA2B34568C118 /* Build configuration list for PBXNativeTarget "ClaudeLocal" */;
			buildPhases = (
				5AD4CBA22431D5C32738E2C8 /* SwiftLint */,
				1AE37AA861A82C4B4F805E95 /* Sources */,
				B8363725CBB07A8D107F344F /* Frameworks */,
				C3CD6AB1A4A00D10F140CCA6 /* Install to ~/.agenticplugins */,
			);
			buildRules = (
			);
			dependencies = (
				B611CF9DE535BD1C28C55017 /* PBXTargetDependency */,
				D7487455733E9E180F04AC58 /* PBXTargetDependency */,
				0A90B4905FB1A3B84568510F /* PBXTargetDependency */,
				660F712053F718BA7651D23E /* PBXTargetDependency */,
				230C98069AD7E7778A204257 /* PBXTargetDependency */,
			);
			name = ClaudeLocal;
			packageProductDependencies = (
			);
			productName = ClaudeLocal;
			productReference = 79563BD36327321665696A42 /* ClaudeLocal.bundle */;
			productType = "com.apple.product-type.bundle";
		};
		78D0E6AA9542822FD01209E4 /* ClaudeAPI */ = {
			isa = PBXNativeTarget;
			buildConfigurationList = 82F655E28E948E662E77E028 /* Build configuration list for PBXNativeTarget "ClaudeAPI" */;
			buildPhases = (
				572192510E5E1A967BEACACE /* SwiftLint */,
				BC45C9DB23EC021B6D5F64C3 /* Sources */,
				EF5DE97AD8241ECE6A431536 /* Frameworks */,
				B7811E083E81C37EE2134CFF /* Install to ~/.agenticplugins */,
			);
			buildRules = (
			);
			dependencies = (
				D5A90E70D0B94E76978C4C8B /* PBXTargetDependency */,
				BBDE29717DB0B14F5E3E8212 /* PBXTargetDependency */,
				2F6214C10AE0918FA1238ECE /* PBXTargetDependency */,
				ED1FAE52A8F5149DF5F8AE2E /* PBXTargetDependency */,
				6384B15CB526A313E1BE90BB /* PBXTargetDependency */,
			);
			name = ClaudeAPI;
			packageProductDependencies = (
			);
			productName = ClaudeAPI;
			productReference = 8A6A612856009C2E5E21A3C2 /* ClaudeAPI.bundle */;
			productType = "com.apple.product-type.bundle";
		};
		BA37AF4B2F16BE7AB23931CA /* Google */ = {
			isa = PBXNativeTarget;
			buildConfigurationList = 1DADD78F4AF7AFC474C2CE6E /* Build configuration list for PBXNativeTarget "Google" */;
			buildPhases = (
				75DB6E38AB4962031F040020 /* SwiftLint */,
				B4DD2844608E52AC614BD97A /* Sources */,
				A485582FFBCEF05D094E364A /* Frameworks */,
				C037A96FAA23E3B79C98945C /* Install to ~/.agenticplugins */,
			);
			buildRules = (
			);
			dependencies = (
				AC566F3DBC65626008E976A9 /* PBXTargetDependency */,
				7A4C7536F16E0B79888FCD5F /* PBXTargetDependency */,
				A7C82D478ED423A7FC54C7F2 /* PBXTargetDependency */,
				0BF8909495219796532DC1F9 /* PBXTargetDependency */,
				0FC8DC78B3F0B44F09F38E4A /* PBXTargetDependency */,
			);
			name = Google;
			packageProductDependencies = (
			);
			productName = Google;
			productReference = AE0AF1BEA1B1871B876D693A /* Google.bundle */;
			productType = "com.apple.product-type.bundle";
		};
/* End PBXNativeTarget section */

/* Begin PBXProject section */
		DD383D4A13970DC0F38EC011 /* Project object */ = {
			isa = PBXProject;
			attributes = {
				BuildIndependentTargetsInParallel = YES;
				LastUpgradeCheck = 2640;
				TargetAttributes = {
					1A8925297D647E573ACF0677 = {
						DevelopmentTeam = K2NA732JAX;
						ProvisioningStyle = Automatic;
					};
					3273A57251DF85E655903D56 = {
						DevelopmentTeam = K2NA732JAX;
						ProvisioningStyle = Automatic;
					};
				};
			};
			buildConfigurationList = 2312467F2C7A6F62BE9A00A7 /* Build configuration list for PBXProject "AIPlugins" */;
			developmentRegion = en;
			hasScannedForEncodings = 0;
			knownRegions = (
				Base,
				en,
			);
			mainGroup = 3013958099BFCD9E9487936E;
			minimizedProjectReferenceProxies = 1;
			preferredProjectObjectVersion = 77;
			productRefGroup = 512156939C8E6A387DA6BA98 /* Products */;
			projectDirPath = "";
			projectReferences = (
				{
					ProductGroup = 9B9DA31E23A4D50698E514B5 /* Products */;
					ProjectRef = AB6EE58E62C50776B8A0372B /* AgenticToolkit */;
				},
			);
			projectRoot = "";
			targets = (
				0B633CF7EA0D73DBF4070B3D /* AIPluginsMacOSAll */,
				3273A57251DF85E655903D56 /* AIPluginsShared */,
				1A8925297D647E573ACF0677 /* AIPluginsSharedTests */,
				78D0E6AA9542822FD01209E4 /* ClaudeAPI */,
				69B12492E5D241F6EF3DAC75 /* ClaudeLocal */,
				BA37AF4B2F16BE7AB23931CA /* Google */,
				40E8B4B9D4D13B107306FAD1 /* OpenAI */,
				4902207C4C9CDF009D44C9FA /* OpenAICompatible */,
			);
		};
/* End PBXProject section */

/* Begin PBXReferenceProxy section */
		46169BC0B6B64C6669B8FF2D /* AgenticToolkitMacOS.framework */ = {
			isa = PBXReferenceProxy;
			fileType = wrapper.framework;
			path = AgenticToolkitMacOS.framework;
			remoteRef = 8E99CA09333C2F7BAD1A14E2 /* PBXContainerItemProxy */;
			sourceTree = BUILT_PRODUCTS_DIR;
		};
		4F3A910E4D0E684CD891433B /* AgenticToolkitCoreMacOS.framework */ = {
			isa = PBXReferenceProxy;
			fileType = wrapper.framework;
			path = AgenticToolkitCoreMacOS.framework;
			remoteRef = FE63073EA65B8D9915798BE7 /* PBXContainerItemProxy */;
			sourceTree = BUILT_PRODUCTS_DIR;
		};
		B1FE388575634374C6EF31CA /* AgenticToolkitCoreUI.framework */ = {
			isa = PBXReferenceProxy;
			fileType = wrapper.framework;
			path = AgenticToolkitCoreUI.framework;
			remoteRef = 49121C9EF75F34F8337F1A93 /* PBXContainerItemProxy */;
			sourceTree = BUILT_PRODUCTS_DIR;
		};
		CF66E50A0D1A855958BEA428 /* AgenticToolkitCore.framework */ = {
			isa = PBXReferenceProxy;
			fileType = wrapper.framework;
			path = AgenticToolkitCore.framework;
			remoteRef = BDB3F96B41B58765F95B6A66 /* PBXContainerItemProxy */;
			sourceTree = BUILT_PRODUCTS_DIR;
		};
/* End PBXReferenceProxy section */

/* Begin PBXShellScriptBuildPhase section */
		399DC83516F4F8D72F9E644F /* Install to ~/.agenticplugins */ = {
			isa = PBXShellScriptBuildPhase;
			buildActionMask = 2147483647;
			files = (
			);
			inputFileListPaths = (
			);
			inputPaths = (
			);
			name = "Install to ~/.agenticplugins";
			outputFileListPaths = (
			);
			outputPaths = (
			);
			runOnlyForDeploymentPostprocessing = 0;
			shellPath = /bin/sh;
			shellScript = "mkdir -p \"$HOME/.agenticplugins\"\n/usr/bin/rsync -a --delete \"$BUILT_PRODUCTS_DIR/$FULL_PRODUCT_NAME/\" \"$HOME/.agenticplugins/$FULL_PRODUCT_NAME/\"\n";
		};
		572192510E5E1A967BEACACE /* SwiftLint */ = {
			isa = PBXShellScriptBuildPhase;
			alwaysOutOfDate = 1;
			buildActionMask = 2147483647;
			files = (
			);
			inputFileListPaths = (
			);
			inputPaths = (
			);
			name = SwiftLint;
			outputFileListPaths = (
			);
			outputPaths = (
			);
			runOnlyForDeploymentPostprocessing = 0;
			shellPath = /bin/sh;
			shellScript = "if [[ \"$(uname -m)\" == \"arm64\" ]]; then\n  export PATH=\"/opt/homebrew/bin:$PATH\"\nfi\nif which swiftlint >/dev/null; then\n  swiftlint lint --quiet\nelse\n  echo \"warning: SwiftLint not installed; brew install swiftlint to enable\"\nfi\n";
		};
		5AD4CBA22431D5C32738E2C8 /* SwiftLint */ = {
			isa = PBXShellScriptBuildPhase;
			alwaysOutOfDate = 1;
			buildActionMask = 2147483647;
			files = (
			);
			inputFileListPaths = (
			);
			inputPaths = (
			);
			name = SwiftLint;
			outputFileListPaths = (
			);
			outputPaths = (
			);
			runOnlyForDeploymentPostprocessing = 0;
			shellPath = /bin/sh;
			shellScript = "if [[ \"$(uname -m)\" == \"arm64\" ]]; then\n  export PATH=\"/opt/homebrew/bin:$PATH\"\nfi\nif which swiftlint >/dev/null; then\n  swiftlint lint --quiet\nelse\n  echo \"warning: SwiftLint not installed; brew install swiftlint to enable\"\nfi\n";
		};
		6A5CB89E1561E37E00A3D374 /* SwiftLint */ = {
			isa = PBXShellScriptBuildPhase;
			alwaysOutOfDate = 1;
			buildActionMask = 2147483647;
			files = (
			);
			inputFileListPaths = (
			);
			inputPaths = (
			);
			name = SwiftLint;
			outputFileListPaths = (
			);
			outputPaths = (
			);
			runOnlyForDeploymentPostprocessing = 0;
			shellPath = /bin/sh;
			shellScript = "if [[ \"$(uname -m)\" == \"arm64\" ]]; then\n  export PATH=\"/opt/homebrew/bin:$PATH\"\nfi\nif which swiftlint >/dev/null; then\n  swiftlint lint --quiet\nelse\n  echo \"warning: SwiftLint not installed; brew install swiftlint to enable\"\nfi\n";
		};
		75DB6E38AB4962031F040020 /* SwiftLint */ = {
			isa = PBXShellScriptBuildPhase;
			alwaysOutOfDate = 1;
			buildActionMask = 2147483647;
			files = (
			);
			inputFileListPaths = (
			);
			inputPaths = (
			);
			name = SwiftLint;
			outputFileListPaths = (
			);
			outputPaths = (
			);
			runOnlyForDeploymentPostprocessing = 0;
			shellPath = /bin/sh;
			shellScript = "if [[ \"$(uname -m)\" == \"arm64\" ]]; then\n  export PATH=\"/opt/homebrew/bin:$PATH\"\nfi\nif which swiftlint >/dev/null; then\n  swiftlint lint --quiet\nelse\n  echo \"warning: SwiftLint not installed; brew install swiftlint to enable\"\nfi\n";
		};
		7D320D4AF7DE8B7386AD85E5 /* SwiftLint */ = {
			isa = PBXShellScriptBuildPhase;
			alwaysOutOfDate = 1;
			buildActionMask = 2147483647;
			files = (
			);
			inputFileListPaths = (
			);
			inputPaths = (
			);
			name = SwiftLint;
			outputFileListPaths = (
			);
			outputPaths = (
			);
			runOnlyForDeploymentPostprocessing = 0;
			shellPath = /bin/sh;
			shellScript = "if [[ \"$(uname -m)\" == \"arm64\" ]]; then\n  export PATH=\"/opt/homebrew/bin:$PATH\"\nfi\nif which swiftlint >/dev/null; then\n  swiftlint lint --quiet\nelse\n  echo \"warning: SwiftLint not installed; brew install swiftlint to enable\"\nfi\n";
		};
		B7811E083E81C37EE2134CFF /* Install to ~/.agenticplugins */ = {
			isa = PBXShellScriptBuildPhase;
			buildActionMask = 2147483647;
			files = (
			);
			inputFileListPaths = (
			);
			inputPaths = (
			);
			name = "Install to ~/.agenticplugins";
			outputFileListPaths = (
			);
			outputPaths = (
			);
			runOnlyForDeploymentPostprocessing = 0;
			shellPath = /bin/sh;
			shellScript = "mkdir -p \"$HOME/.agenticplugins\"\n/usr/bin/rsync -a --delete \"$BUILT_PRODUCTS_DIR/$FULL_PRODUCT_NAME/\" \"$HOME/.agenticplugins/$FULL_PRODUCT_NAME/\"\n";
		};
		C026AF4D53BCF5BB6973B99F /* SwiftLint */ = {
			isa = PBXShellScriptBuildPhase;
			alwaysOutOfDate = 1;
			buildActionMask = 2147483647;
			files = (
			);
			inputFileListPaths = (
			);
			inputPaths = (
			);
			name = SwiftLint;
			outputFileListPaths = (
			);
			outputPaths = (
			);
			runOnlyForDeploymentPostprocessing = 0;
			shellPath = /bin/sh;
			shellScript = "if [[ \"$(uname -m)\" == \"arm64\" ]]; then\n  export PATH=\"/opt/homebrew/bin:$PATH\"\nfi\nif which swiftlint >/dev/null; then\n  swiftlint lint --quiet\nelse\n  echo \"warning: SwiftLint not installed; brew install swiftlint to enable\"\nfi\n";
		};
		C037A96FAA23E3B79C98945C /* Install to ~/.agenticplugins */ = {
			isa = PBXShellScriptBuildPhase;
			buildActionMask = 2147483647;
			files = (
			);
			inputFileListPaths = (
			);
			inputPaths = (
			);
			name = "Install to ~/.agenticplugins";
			outputFileListPaths = (
			);
			outputPaths = (
			);
			runOnlyForDeploymentPostprocessing = 0;
			shellPath = /bin/sh;
			shellScript = "mkdir -p \"$HOME/.agenticplugins\"\n/usr/bin/rsync -a --delete \"$BUILT_PRODUCTS_DIR/$FULL_PRODUCT_NAME/\" \"$HOME/.agenticplugins/$FULL_PRODUCT_NAME/\"\n";
		};
		C3CD6AB1A4A00D10F140CCA6 /* Install to ~/.agenticplugins */ = {
			isa = PBXShellScriptBuildPhase;
			buildActionMask = 2147483647;
			files = (
			);
			inputFileListPaths = (
			);
			inputPaths = (
			);
			name = "Install to ~/.agenticplugins";
			outputFileListPaths = (
			);
			outputPaths = (
			);
			runOnlyForDeploymentPostprocessing = 0;
			shellPath = /bin/sh;
			shellScript = "mkdir -p \"$HOME/.agenticplugins\"\n/usr/bin/rsync -a --delete \"$BUILT_PRODUCTS_DIR/$FULL_PRODUCT_NAME/\" \"$HOME/.agenticplugins/$FULL_PRODUCT_NAME/\"\n";
		};
		CB41CFE654A0F740A09F9DEA /* Install to ~/.agenticplugins */ = {
			isa = PBXShellScriptBuildPhase;
			buildActionMask = 2147483647;
			files = (
			);
			inputFileListPaths = (
			);
			inputPaths = (
			);
			name = "Install to ~/.agenticplugins";
			outputFileListPaths = (
			);
			outputPaths = (
			);
			runOnlyForDeploymentPostprocessing = 0;
			shellPath = /bin/sh;
			shellScript = "mkdir -p \"$HOME/.agenticplugins\"\n/usr/bin/rsync -a --delete \"$BUILT_PRODUCTS_DIR/$FULL_PRODUCT_NAME/\" \"$HOME/.agenticplugins/$FULL_PRODUCT_NAME/\"\n";
		};
		E4EA119FF5DDEFBFDB99C7F6 /* SwiftLint */ = {
			isa = PBXShellScriptBuildPhase;
			alwaysOutOfDate = 1;
			buildActionMask = 2147483647;
			files = (
			);
			inputFileListPaths = (
			);
			inputPaths = (
			);
			name = SwiftLint;
			outputFileListPaths = (
			);
			outputPaths = (
			);
			runOnlyForDeploymentPostprocessing = 0;
			shellPath = /bin/sh;
			shellScript = "if [[ \"$(uname -m)\" == \"arm64\" ]]; then\n  export PATH=\"/opt/homebrew/bin:$PATH\"\nfi\nif which swiftlint >/dev/null; then\n  swiftlint lint --quiet\nelse\n  echo \"warning: SwiftLint not installed; brew install swiftlint to enable\"\nfi\n";
		};
/* End PBXShellScriptBuildPhase section */

/* Begin PBXSourcesBuildPhase section */
		1AE37AA861A82C4B4F805E95 /* Sources */ = {
			isa = PBXSourcesBuildPhase;
			buildActionMask = 2147483647;
			files = (
				893C303BE350EA5A2F1BE0EE /* ClaudeLocalPlugin.swift in Sources */,
				3C1691DD645A15FBA12CD8E2 /* ClaudeLocalSettingsPanelViewController.swift in Sources */,
			);
			runOnlyForDeploymentPostprocessing = 0;
		};
		2DEBD284A8DB83B83A093404 /* Sources */ = {
			isa = PBXSourcesBuildPhase;
			buildActionMask = 2147483647;
			files = (
				E86495041A42A24FE327846D /* AIPluginsSharedTests.swift in Sources */,
			);
			runOnlyForDeploymentPostprocessing = 0;
		};
		500D95DB61344EC1088DBD06 /* Sources */ = {
			isa = PBXSourcesBuildPhase;
			buildActionMask = 2147483647;
			files = (
				A9FC14B3250E4A7510095AE9 /* OpenAIPlugin.swift in Sources */,
				13207D74A2D4297BD27C9106 /* OpenAISettingsPanelViewController.swift in Sources */,
			);
			runOnlyForDeploymentPostprocessing = 0;
		};
		7ED9B943CE1C748AF037534F /* Sources */ = {
			isa = PBXSourcesBuildPhase;
			buildActionMask = 2147483647;
			files = (
				443A94A6462F2FA59AE9EE01 /* AIPluginsShared.docc in Sources */,
				7CAF48CE874CFD264D943BAB /* AIPluginsShared.swift in Sources */,
				5427E0C5C6498DFB675E44D9 /* PluginSettingsPanel.swift in Sources */,
			);
			runOnlyForDeploymentPostprocessing = 0;
		};
		B4DD2844608E52AC614BD97A /* Sources */ = {
			isa = PBXSourcesBuildPhase;
			buildActionMask = 2147483647;
			files = (
				6CECE5D45CEA51315CE3980C /* GooglePlugin.swift in Sources */,
				6B7B1DD86E2D8CF390411B8E /* GoogleSettingsPanelViewController.swift in Sources */,
			);
			runOnlyForDeploymentPostprocessing = 0;
		};
		B8852837DB3305F1754F92ED /* Sources */ = {
			isa = PBXSourcesBuildPhase;
			buildActionMask = 2147483647;
			files = (
				4055E75B95ABB98D4EBDA069 /* OpenAICompatiblePlugin.swift in Sources */,
				199715F1320C42B6C9D379AD /* OpenAICompatibleSettingsPanelViewController.swift in Sources */,
			);
			runOnlyForDeploymentPostprocessing = 0;
		};
		BC45C9DB23EC021B6D5F64C3 /* Sources */ = {
			isa = PBXSourcesBuildPhase;
			buildActionMask = 2147483647;
			files = (
				A4C79FED4C5E26CE247C2305 /* ClaudeAPIPlugin.swift in Sources */,
				080049D9529510ECE6CAE63D /* ClaudeAPISettingsPanelViewController.swift in Sources */,
			);
			runOnlyForDeploymentPostprocessing = 0;
		};
/* End PBXSourcesBuildPhase section */

/* Begin PBXTargetDependency section */
		090B523CFAA1003160E8BAD5 /* PBXTargetDependency */ = {
			isa = PBXTargetDependency;
			target = 4902207C4C9CDF009D44C9FA /* OpenAICompatible */;
			targetProxy = DD678D36375EC41B9A63D71F /* PBXContainerItemProxy */;
		};
		0A90B4905FB1A3B84568510F /* PBXTargetDependency */ = {
			isa = PBXTargetDependency;
			name = AgenticToolkitCoreUI;
			targetProxy = 370832373A65CFEEF49A10D2 /* PBXContainerItemProxy */;
		};
		0BF8909495219796532DC1F9 /* PBXTargetDependency */ = {
			isa = PBXTargetDependency;
			name = AgenticToolkitCoreMacOS;
			targetProxy = CA646CD5815CA1560C196EEF /* PBXContainerItemProxy */;
		};
		0FC8DC78B3F0B44F09F38E4A /* PBXTargetDependency */ = {
			isa = PBXTargetDependency;
			name = AgenticToolkitMacOS;
			targetProxy = C08C287D2F1C7803260AC1C2 /* PBXContainerItemProxy */;
		};
		1184846843B05AD6A34D12CD /* PBXTargetDependency */ = {
			isa = PBXTargetDependency;
			name = AgenticToolkitCoreMacOS;
			targetProxy = DDE1E4A58BC21C89A4B9F4C5 /* PBXContainerItemProxy */;
		};
		1A5681112944FCD9FC9F4803 /* PBXTargetDependency */ = {
			isa = PBXTargetDependency;
			target = BA37AF4B2F16BE7AB23931CA /* Google */;
			targetProxy = B0E3594C8FAA077B86CB91D1 /* PBXContainerItemProxy */;
		};
		1ED5FDE5542A6CA7F70B1CF9 /* PBXTargetDependency */ = {
			isa = PBXTargetDependency;
			name = AgenticToolkitMacOS;
			targetProxy = 50624698D6B3AD1F204D8F57 /* PBXContainerItemProxy */;
		};
		230C98069AD7E7778A204257 /* PBXTargetDependency */ = {
			isa = PBXTargetDependency;
			name = AgenticToolkitMacOS;
			targetProxy = 8BA7673417DE3216CC60C3AD /* PBXContainerItemProxy */;
		};
		2F6214C10AE0918FA1238ECE /* PBXTargetDependency */ = {
			isa = PBXTargetDependency;
			name = AgenticToolkitCoreUI;
			targetProxy = 939F4CFC05AE502C28D2AABC /* PBXContainerItemProxy */;
		};
		3011A61919F710659A3540DD /* PBXTargetDependency */ = {
			isa = PBXTargetDependency;
			name = AgenticToolkitCoreUI;
			targetProxy = BB97026E39272E7F8E606214 /* PBXContainerItemProxy */;
		};
		33FE3556D9EED58D85381987 /* PBXTargetDependency */ = {
			isa = PBXTargetDependency;
			name = AgenticToolkitCoreUI;
			targetProxy = E014F487ACD1DB023FF06B43 /* PBXContainerItemProxy */;
		};
		59CB9F86534CE0DBF1FA378D /* PBXTargetDependency */ = {
			isa = PBXTargetDependency;
			name = AgenticToolkitCore;
			targetProxy = 97291B4790BAA7A3A1162ECC /* PBXContainerItemProxy */;
		};
		6384B15CB526A313E1BE90BB /* PBXTargetDependency */ = {
			isa = PBXTargetDependency;
			name = AgenticToolkitMacOS;
			targetProxy = 017AD5E8C1F9A2A0C43A0928 /* PBXContainerItemProxy */;
		};
		660F712053F718BA7651D23E /* PBXTargetDependency */ = {
			isa = PBXTargetDependency;
			name = AgenticToolkitCoreMacOS;
			targetProxy = EEB99B077AF1795D948409CC /* PBXContainerItemProxy */;
		};
		6861750D26C43A7D8641ACBF /* PBXTargetDependency */ = {
			isa = PBXTargetDependency;
			target = 69B12492E5D241F6EF3DAC75 /* ClaudeLocal */;
			targetProxy = 840D9D7C9DECD44B35C1B072 /* PBXContainerItemProxy */;
		};
		72D8603302ABC07FE9E9C6A4 /* PBXTargetDependency */ = {
			isa = PBXTargetDependency;
			name = AgenticToolkitCoreMacOS;
			targetProxy = 27D495B3FE418BB4369A3505 /* PBXContainerItemProxy */;
		};
		7A4C7536F16E0B79888FCD5F /* PBXTargetDependency */ = {
			isa = PBXTargetDependency;
			name = AgenticToolkitCore;
			targetProxy = 4CC90DECE451BFF4A540AA7A /* PBXContainerItemProxy */;
		};
		7CCC0A206A6F254E2EFD1C53 /* PBXTargetDependency */ = {
			isa = PBXTargetDependency;
			target = 3273A57251DF85E655903D56 /* AIPluginsShared */;
			targetProxy = 6E395ED4CC40EB13E7453FE1 /* PBXContainerItemProxy */;
		};
		7D7B35016B27527B4EF244A4 /* PBXTargetDependency */ = {
			isa = PBXTargetDependency;
			target = 3273A57251DF85E655903D56 /* AIPluginsShared */;
			targetProxy = 0D7F6384A80E362AED790B33 /* PBXContainerItemProxy */;
		};
		8B75A702AB60488B73A72920 /* PBXTargetDependency */ = {
			isa = PBXTargetDependency;
			target = 3273A57251DF85E655903D56 /* AIPluginsShared */;
			targetProxy = 6B4C2F6F911068D3C56CBD7E /* PBXContainerItemProxy */;
		};
		A7C82D478ED423A7FC54C7F2 /* PBXTargetDependency */ = {
			isa = PBXTargetDependency;
			name = AgenticToolkitCoreUI;
			targetProxy = 412C808986443A07B7661CF4 /* PBXContainerItemProxy */;
		};
		AC566F3DBC65626008E976A9 /* PBXTargetDependency */ = {
			isa = PBXTargetDependency;
			target = 3273A57251DF85E655903D56 /* AIPluginsShared */;
			targetProxy = 2BD4387975E9CC8573973B6F /* PBXContainerItemProxy */;
		};
		B611CF9DE535BD1C28C55017 /* PBXTargetDependency */ = {
			isa = PBXTargetDependency;
			target = 3273A57251DF85E655903D56 /* AIPluginsShared */;
			targetProxy = F4E9ACB38C5FC32699354F66 /* PBXContainerItemProxy */;
		};
		B7EA586AAF6D14952468B36B /* PBXTargetDependency */ = {
			isa = PBXTargetDependency;
			name = AgenticToolkitCoreMacOS;
			targetProxy = 4B09FFAA736A4F5C3473594D /* PBXContainerItemProxy */;
		};
		BBDE29717DB0B14F5E3E8212 /* PBXTargetDependency */ = {
			isa = PBXTargetDependency;
			name = AgenticToolkitCore;
			targetProxy = C4BE1928FFBCEB43F421A081 /* PBXContainerItemProxy */;
		};
		BC846C53425711A4BF06F2AF /* PBXTargetDependency */ = {
			isa = PBXTargetDependency;
			target = 40E8B4B9D4D13B107306FAD1 /* OpenAI */;
			targetProxy = F91AAC41B8E56FF85764CCD9 /* PBXContainerItemProxy */;
		};
		BF23E1A5895ED390C7B2219B /* PBXTargetDependency */ = {
			isa = PBXTargetDependency;
			name = AgenticToolkitCoreUI;
			targetProxy = D0757490EA15800F71D7107F /* PBXContainerItemProxy */;
		};
		D5A90E70D0B94E76978C4C8B /* PBXTargetDependency */ = {
			isa = PBXTargetDependency;
			target = 3273A57251DF85E655903D56 /* AIPluginsShared */;
			targetProxy = F8815866460D6FA97F7415FD /* PBXContainerItemProxy */;
		};
		D6C63D5224B2523870A2FA2F /* PBXTargetDependency */ = {
			isa = PBXTargetDependency;
			name = AgenticToolkitMacOS;
			targetProxy = DA55620CA1444FD0E7FEA7C3 /* PBXContainerItemProxy */;
		};
		D7487455733E9E180F04AC58 /* PBXTargetDependency */ = {
			isa = PBXTargetDependency;
			name = AgenticToolkitCore;
			targetProxy = B8B16DD4E67DE0B147CAC0A0 /* PBXContainerItemProxy */;
		};
		D84626D343DD33DF5C3E4298 /* PBXTargetDependency */ = {
			isa = PBXTargetDependency;
			name = AgenticToolkitMacOS;
			targetProxy = F18012AC326A3482757EB4F6 /* PBXContainerItemProxy */;
		};
		DE1F042949C3243EAC540BFF /* PBXTargetDependency */ = {
			isa = PBXTargetDependency;
			name = AgenticToolkitCore;
			targetProxy = 2841EABE660F3A4F34A9298F /* PBXContainerItemProxy */;
		};
		EACCC7FB25E65C81775FB12B /* PBXTargetDependency */ = {
			isa = PBXTargetDependency;
			target = 78D0E6AA9542822FD01209E4 /* ClaudeAPI */;
			targetProxy = 48282FFF22F82D40BBFB9E95 /* PBXContainerItemProxy */;
		};
		ED1FAE52A8F5149DF5F8AE2E /* PBXTargetDependency */ = {
			isa = PBXTargetDependency;
			name = AgenticToolkitCoreMacOS;
			targetProxy = C0291EAB3466BF0CCB87E915 /* PBXContainerItemProxy */;
		};
		FFA145F696DB28353769EA6D /* PBXTargetDependency */ = {
			isa = PBXTargetDependency;
			name = AgenticToolkitCore;
			targetProxy = 1484A1E979E48629AF364595 /* PBXContainerItemProxy */;
		};
/* End PBXTargetDependency section */

/* Begin XCBuildConfiguration section */
		1E672A1591C6930B52E395ED /* Release */ = {
			isa = XCBuildConfiguration;
			buildSettings = {
				COMBINE_HIDPI_IMAGES = YES;
				INFOPLIST_FILE = ClaudeAPI/Info.plist;
				LD_RUNPATH_SEARCH_PATHS = (
					"$(inherited)",
					"@loader_path/../../../../Frameworks",
				);
				PRODUCT_BUNDLE_IDENTIFIER = "com.agentictoolkit.plugin.claude-api";
				SDKROOT = macosx;
				WRAPPER_EXTENSION = aiplugin;
			};
			name = Release;
		};
		2E0EBB5BDB1970D5E4C757A1 /* Debug */ = {
			isa = XCBuildConfiguration;
			buildSettings = {
				BUILD_LIBRARY_FOR_DISTRIBUTION = NO;
				CODE_SIGN_IDENTITY = "";
				CODE_SIGN_STYLE = Automatic;
				COMBINE_HIDPI_IMAGES = YES;
				CURRENT_PROJECT_VERSION = 1;
				DEFINES_MODULE = YES;
				DEVELOPMENT_TEAM = K2NA732JAX;
				DYLIB_COMPATIBILITY_VERSION = 1;
				DYLIB_CURRENT_VERSION = 1;
				DYLIB_INSTALL_NAME_BASE = "@rpath";
				ENABLE_MODULE_VERIFIER = YES;
				ENABLE_USER_SCRIPT_SANDBOXING = NO;
				GENERATE_INFOPLIST_FILE = YES;
				INSTALL_PATH = "$(LOCAL_LIBRARY_DIR)/Frameworks";
				LD_RUNPATH_SEARCH_PATHS = (
					"$(inherited)",
					"@executable_path/../Frameworks",
					"@loader_path/Frameworks",
				);
				PRODUCT_BUNDLE_IDENTIFIER = com.agentictoolkit.AIPluginsShared;
				PRODUCT_NAME = "$(TARGET_NAME:c99extidentifier)";
				SDKROOT = macosx;
				SKIP_INSTALL = YES;
				SWIFT_EMIT_LOC_STRINGS = YES;
				SWIFT_INSTALL_MODULE = YES;
				SWIFT_INSTALL_OBJC_HEADER = NO;
				VERSIONING_SYSTEM = "apple-generic";
			};
			name = Debug;
		};
		48361780961DA5C2C12FE402 /* Debug */ = {
			isa = XCBuildConfiguration;
			buildSettings = {
				ALWAYS_SEARCH_USER_PATHS = NO;
				CLANG_ANALYZER_NONNULL = YES;
				CLANG_ANALYZER_NUMBER_OBJECT_CONVERSION = YES_AGGRESSIVE;
				CLANG_CXX_LANGUAGE_STANDARD = "gnu++14";
				CLANG_CXX_LIBRARY = "libc++";
				CLANG_ENABLE_MODULES = YES;
				CLANG_ENABLE_OBJC_ARC = YES;
				CLANG_ENABLE_OBJC_WEAK = YES;
				CLANG_WARN_BLOCK_CAPTURE_AUTORELEASING = YES;
				CLANG_WARN_BOOL_CONVERSION = YES;
				CLANG_WARN_COMMA = YES;
				CLANG_WARN_CONSTANT_CONVERSION = YES;
				CLANG_WARN_DEPRECATED_OBJC_IMPLEMENTATIONS = YES;
				CLANG_WARN_DIRECT_OBJC_ISA_USAGE = YES_ERROR;
				CLANG_WARN_DOCUMENTATION_COMMENTS = YES;
				CLANG_WARN_EMPTY_BODY = YES;
				CLANG_WARN_ENUM_CONVERSION = YES;
				CLANG_WARN_INFINITE_RECURSION = YES;
				CLANG_WARN_INT_CONVERSION = YES;
				CLANG_WARN_NON_LITERAL_NULL_CONVERSION = YES;
				CLANG_WARN_OBJC_IMPLICIT_RETAIN_SELF = YES;
				CLANG_WARN_OBJC_LITERAL_CONVERSION = YES;
				CLANG_WARN_OBJC_ROOT_CLASS = YES_ERROR;
				CLANG_WARN_QUOTED_INCLUDE_IN_FRAMEWORK_HEADER = YES;
				CLANG_WARN_RANGE_LOOP_ANALYSIS = YES;
				CLANG_WARN_STRICT_PROTOTYPES = YES;
				CLANG_WARN_SUSPICIOUS_MOVE = YES;
				CLANG_WARN_UNGUARDED_AVAILABILITY = YES_AGGRESSIVE;
				CLANG_WARN_UNREACHABLE_CODE = YES;
				CLANG_WARN__DUPLICATE_METHOD_MATCH = YES;
				CODE_SIGNING_ALLOWED = NO;
				CODE_SIGNING_REQUIRED = NO;
				CODE_SIGN_IDENTITY = "";
				COPY_PHASE_STRIP = NO;
				CURRENT_PROJECT_VERSION = 1;
				DEAD_CODE_STRIPPING = YES;
				DEBUG_INFORMATION_FORMAT = dwarf;
				ENABLE_STRICT_OBJC_MSGSEND = YES;
				ENABLE_TESTABILITY = YES;
				ENABLE_USER_SCRIPT_SANDBOXING = NO;
				GCC_C_LANGUAGE_STANDARD = gnu11;
				GCC_DYNAMIC_NO_PIC = NO;
				GCC_NO_COMMON_BLOCKS = YES;
				GCC_OPTIMIZATION_LEVEL = 0;
				GCC_PREPROCESSOR_DEFINITIONS = (
					"$(inherited)",
					"DEBUG=1",
				);
				GCC_TREAT_WARNINGS_AS_ERRORS = YES;
				GCC_WARN_64_TO_32_BIT_CONVERSION = YES;
				GCC_WARN_ABOUT_RETURN_TYPE = YES_ERROR;
				GCC_WARN_UNDECLARED_SELECTOR = YES;
				GCC_WARN_UNINITIALIZED_AUTOS = YES_AGGRESSIVE;
				GCC_WARN_UNUSED_FUNCTION = YES;
				GCC_WARN_UNUSED_VARIABLE = YES;
				MACOSX_DEPLOYMENT_TARGET = 26.0;
				MARKETING_VERSION = 1.0.0;
				MTL_ENABLE_DEBUG_INFO = INCLUDE_SOURCE;
				MTL_FAST_MATH = YES;
				ONLY_ACTIVE_ARCH = YES;
				PRODUCT_NAME = "$(TARGET_NAME)";
				SDKROOT = macosx;
				STRING_CATALOG_GENERATE_SYMBOLS = YES;
				SWIFT_ACTIVE_COMPILATION_CONDITIONS = DEBUG;
				SWIFT_ENABLE_EXPLICIT_MODULES = NO;
				SWIFT_OPTIMIZATION_LEVEL = "-Onone";
				SWIFT_STRICT_CONCURRENCY = complete;
				SWIFT_TREAT_WARNINGS_AS_ERRORS = YES;
				SWIFT_VERSION = 6.3;
			};
			name = Debug;
		};
		58D1F671C260CC023813E445 /* Debug */ = {
			isa = XCBuildConfiguration;
			buildSettings = {
				COMBINE_HIDPI_IMAGES = YES;
				INFOPLIST_FILE = Google/Info.plist;
				LD_RUNPATH_SEARCH_PATHS = (
					"$(inherited)",
					"@loader_path/../../../../Frameworks",
				);
				PRODUCT_BUNDLE_IDENTIFIER = com.agentictoolkit.plugin.google;
				SDKROOT = macosx;
				WRAPPER_EXTENSION = aiplugin;
			};
			name = Debug;
		};
		60B60CECC39FA655D0EA2E8F /* Debug */ = {
			isa = XCBuildConfiguration;
			buildSettings = {
				COMBINE_HIDPI_IMAGES = YES;
				INFOPLIST_FILE = ClaudeAPI/Info.plist;
				LD_RUNPATH_SEARCH_PATHS = (
					"$(inherited)",
					"@loader_path/../../../../Frameworks",
				);
				PRODUCT_BUNDLE_IDENTIFIER = "com.agentictoolkit.plugin.claude-api";
				SDKROOT = macosx;
				WRAPPER_EXTENSION = aiplugin;
			};
			name = Debug;
		};
		6199CAE8F37AEEB1BDEF0C27 /* Debug */ = {
			isa = XCBuildConfiguration;
			buildSettings = {
				COMBINE_HIDPI_IMAGES = YES;
				INFOPLIST_FILE = ClaudeLocal/Info.plist;
				LD_RUNPATH_SEARCH_PATHS = (
					"$(inherited)",
					"@loader_path/../../../../Frameworks",
				);
				PRODUCT_BUNDLE_IDENTIFIER = "com.agentictoolkit.plugin.claude-local";
				SDKROOT = macosx;
				WRAPPER_EXTENSION = aiplugin;
			};
			name = Debug;
		};
		6EEB80107F4CD7C85E5F96DA /* Release */ = {
			isa = XCBuildConfiguration;
			buildSettings = {
				COMBINE_HIDPI_IMAGES = YES;
				INFOPLIST_FILE = ClaudeLocal/Info.plist;
				LD_RUNPATH_SEARCH_PATHS = (
					"$(inherited)",
					"@loader_path/../../../../Frameworks",
				);
				PRODUCT_BUNDLE_IDENTIFIER = "com.agentictoolkit.plugin.claude-local";
				SDKROOT = macosx;
				WRAPPER_EXTENSION = aiplugin;
			};
			name = Release;
		};
		74371D67569873D0558519E1 /* Release */ = {
			isa = XCBuildConfiguration;
			buildSettings = {
				COMBINE_HIDPI_IMAGES = YES;
				INFOPLIST_FILE = OpenAI/Info.plist;
				LD_RUNPATH_SEARCH_PATHS = (
					"$(inherited)",
					"@loader_path/../../../../Frameworks",
				);
				PRODUCT_BUNDLE_IDENTIFIER = com.agentictoolkit.plugin.openai;
				SDKROOT = macosx;
				WRAPPER_EXTENSION = aiplugin;
			};
			name = Release;
		};
		7F79BF52E6720B862F66354E /* Release */ = {
			isa = XCBuildConfiguration;
			buildSettings = {
				COMBINE_HIDPI_IMAGES = YES;
				INFOPLIST_FILE = OpenAICompatible/Info.plist;
				LD_RUNPATH_SEARCH_PATHS = (
					"$(inherited)",
					"@loader_path/../../../../Frameworks",
				);
				PRODUCT_BUNDLE_IDENTIFIER = "com.agentictoolkit.plugin.openai-compatible";
				SDKROOT = macosx;
				WRAPPER_EXTENSION = aiplugin;
			};
			name = Release;
		};
		820FBA24766D77ABEB1EED1C /* Release */ = {
			isa = XCBuildConfiguration;
			buildSettings = {
				BUNDLE_LOADER = "$(TEST_HOST)";
				CODE_SIGN_STYLE = Automatic;
				COMBINE_HIDPI_IMAGES = YES;
				DEVELOPMENT_TEAM = K2NA732JAX;
				ENABLE_USER_SCRIPT_SANDBOXING = NO;
				GENERATE_INFOPLIST_FILE = YES;
				LD_RUNPATH_SEARCH_PATHS = (
					"$(inherited)",
					"@executable_path/../Frameworks",
					"@loader_path/../Frameworks",
				);
				PRODUCT_BUNDLE_IDENTIFIER = com.agentictoolkit.AIPluginsSharedTests;
				SDKROOT = macosx;
			};
			name = Release;
		};
		89046D709A6F1D966B2B3C27 /* Release */ = {
			isa = XCBuildConfiguration;
			buildSettings = {
			};
			name = Release;
		};
		8B4B98FC4D1CEE3D0A405B0A /* Debug */ = {
			isa = XCBuildConfiguration;
			buildSettings = {
				COMBINE_HIDPI_IMAGES = YES;
				INFOPLIST_FILE = OpenAICompatible/Info.plist;
				LD_RUNPATH_SEARCH_PATHS = (
					"$(inherited)",
					"@loader_path/../../../../Frameworks",
				);
				PRODUCT_BUNDLE_IDENTIFIER = "com.agentictoolkit.plugin.openai-compatible";
				SDKROOT = macosx;
				WRAPPER_EXTENSION = aiplugin;
			};
			name = Debug;
		};
		9087C22063BE0139341CA300 /* Release */ = {
			isa = XCBuildConfiguration;
			buildSettings = {
				ALWAYS_SEARCH_USER_PATHS = NO;
				CLANG_ANALYZER_NONNULL = YES;
				CLANG_ANALYZER_NUMBER_OBJECT_CONVERSION = YES_AGGRESSIVE;
				CLANG_CXX_LANGUAGE_STANDARD = "gnu++14";
				CLANG_CXX_LIBRARY = "libc++";
				CLANG_ENABLE_MODULES = YES;
				CLANG_ENABLE_OBJC_ARC = YES;
				CLANG_ENABLE_OBJC_WEAK = YES;
				CLANG_WARN_BLOCK_CAPTURE_AUTORELEASING = YES;
				CLANG_WARN_BOOL_CONVERSION = YES;
				CLANG_WARN_COMMA = YES;
				CLANG_WARN_CONSTANT_CONVERSION = YES;
				CLANG_WARN_DEPRECATED_OBJC_IMPLEMENTATIONS = YES;
				CLANG_WARN_DIRECT_OBJC_ISA_USAGE = YES_ERROR;
				CLANG_WARN_DOCUMENTATION_COMMENTS = YES;
				CLANG_WARN_EMPTY_BODY = YES;
				CLANG_WARN_ENUM_CONVERSION = YES;
				CLANG_WARN_INFINITE_RECURSION = YES;
				CLANG_WARN_INT_CONVERSION = YES;
				CLANG_WARN_NON_LITERAL_NULL_CONVERSION = YES;
				CLANG_WARN_OBJC_IMPLICIT_RETAIN_SELF = YES;
				CLANG_WARN_OBJC_LITERAL_CONVERSION = YES;
				CLANG_WARN_OBJC_ROOT_CLASS = YES_ERROR;
				CLANG_WARN_QUOTED_INCLUDE_IN_FRAMEWORK_HEADER = YES;
				CLANG_WARN_RANGE_LOOP_ANALYSIS = YES;
				CLANG_WARN_STRICT_PROTOTYPES = YES;
				CLANG_WARN_SUSPICIOUS_MOVE = YES;
				CLANG_WARN_UNGUARDED_AVAILABILITY = YES_AGGRESSIVE;
				CLANG_WARN_UNREACHABLE_CODE = YES;
				CLANG_WARN__DUPLICATE_METHOD_MATCH = YES;
				CODE_SIGNING_ALLOWED = NO;
				CODE_SIGNING_REQUIRED = NO;
				CODE_SIGN_IDENTITY = "";
				COPY_PHASE_STRIP = NO;
				CURRENT_PROJECT_VERSION = 1;
				DEAD_CODE_STRIPPING = YES;
				DEBUG_INFORMATION_FORMAT = "dwarf-with-dsym";
				ENABLE_NS_ASSERTIONS = NO;
				ENABLE_STRICT_OBJC_MSGSEND = YES;
				ENABLE_TESTABILITY = YES;
				ENABLE_USER_SCRIPT_SANDBOXING = NO;
				GCC_C_LANGUAGE_STANDARD = gnu11;
				GCC_NO_COMMON_BLOCKS = YES;
				GCC_TREAT_WARNINGS_AS_ERRORS = YES;
				GCC_WARN_64_TO_32_BIT_CONVERSION = YES;
				GCC_WARN_ABOUT_RETURN_TYPE = YES_ERROR;
				GCC_WARN_UNDECLARED_SELECTOR = YES;
				GCC_WARN_UNINITIALIZED_AUTOS = YES_AGGRESSIVE;
				GCC_WARN_UNUSED_FUNCTION = YES;
				GCC_WARN_UNUSED_VARIABLE = YES;
				MACOSX_DEPLOYMENT_TARGET = 26.0;
				MARKETING_VERSION = 1.0.0;
				MTL_ENABLE_DEBUG_INFO = NO;
				MTL_FAST_MATH = YES;
				PRODUCT_NAME = "$(TARGET_NAME)";
				SDKROOT = macosx;
				STRING_CATALOG_GENERATE_SYMBOLS = YES;
				SWIFT_COMPILATION_MODE = wholemodule;
				SWIFT_ENABLE_EXPLICIT_MODULES = NO;
				SWIFT_OPTIMIZATION_LEVEL = "-O";
				SWIFT_STRICT_CONCURRENCY = complete;
				SWIFT_TREAT_WARNINGS_AS_ERRORS = YES;
				SWIFT_VERSION = 6.3;
			};
			name = Release;
		};
		97F4A6A739D725665712D33C /* Release */ = {
			isa = XCBuildConfiguration;
			buildSettings = {
				BUILD_LIBRARY_FOR_DISTRIBUTION = NO;
				CODE_SIGN_IDENTITY = "";
				CODE_SIGN_STYLE = Automatic;
				COMBINE_HIDPI_IMAGES = YES;
				CURRENT_PROJECT_VERSION = 1;
				DEFINES_MODULE = YES;
				DEVELOPMENT_TEAM = K2NA732JAX;
				DYLIB_COMPATIBILITY_VERSION = 1;
				DYLIB_CURRENT_VERSION = 1;
				DYLIB_INSTALL_NAME_BASE = "@rpath";
				ENABLE_MODULE_VERIFIER = YES;
				ENABLE_USER_SCRIPT_SANDBOXING = NO;
				GENERATE_INFOPLIST_FILE = YES;
				INSTALL_PATH = "$(LOCAL_LIBRARY_DIR)/Frameworks";
				LD_RUNPATH_SEARCH_PATHS = (
					"$(inherited)",
					"@executable_path/../Frameworks",
					"@loader_path/Frameworks",
				);
				PRODUCT_BUNDLE_IDENTIFIER = com.agentictoolkit.AIPluginsShared;
				PRODUCT_NAME = "$(TARGET_NAME:c99extidentifier)";
				SDKROOT = macosx;
				SKIP_INSTALL = YES;
				SWIFT_EMIT_LOC_STRINGS = YES;
				SWIFT_INSTALL_MODULE = YES;
				SWIFT_INSTALL_OBJC_HEADER = NO;
				VERSIONING_SYSTEM = "apple-generic";
			};
			name = Release;
		};
		A957F979672ABFD2C345FCB4 /* Release */ = {
			isa = XCBuildConfiguration;
			buildSettings = {
				COMBINE_HIDPI_IMAGES = YES;
				INFOPLIST_FILE = Google/Info.plist;
				LD_RUNPATH_SEARCH_PATHS = (
					"$(inherited)",
					"@loader_path/../../../../Frameworks",
				);
				PRODUCT_BUNDLE_IDENTIFIER = com.agentictoolkit.plugin.google;
				SDKROOT = macosx;
				WRAPPER_EXTENSION = aiplugin;
			};
			name = Release;
		};
		AF1F78DE0CECD188CD64344E /* Debug */ = {
			isa = XCBuildConfiguration;
			buildSettings = {
				BUNDLE_LOADER = "$(TEST_HOST)";
				CODE_SIGN_STYLE = Automatic;
				COMBINE_HIDPI_IMAGES = YES;
				DEVELOPMENT_TEAM = K2NA732JAX;
				ENABLE_USER_SCRIPT_SANDBOXING = NO;
				GENERATE_INFOPLIST_FILE = YES;
				LD_RUNPATH_SEARCH_PATHS = (
					"$(inherited)",
					"@executable_path/../Frameworks",
					"@loader_path/../Frameworks",
				);
				PRODUCT_BUNDLE_IDENTIFIER = com.agentictoolkit.AIPluginsSharedTests;
				SDKROOT = macosx;
			};
			name = Debug;
		};
		BA1B9548F6CF884F3985D248 /* Debug */ = {
			isa = XCBuildConfiguration;
			buildSettings = {
				COMBINE_HIDPI_IMAGES = YES;
				INFOPLIST_FILE = OpenAI/Info.plist;
				LD_RUNPATH_SEARCH_PATHS = (
					"$(inherited)",
					"@loader_path/../../../../Frameworks",
				);
				PRODUCT_BUNDLE_IDENTIFIER = com.agentictoolkit.plugin.openai;
				SDKROOT = macosx;
				WRAPPER_EXTENSION = aiplugin;
			};
			name = Debug;
		};
		ED790E1F5432A6D069CEB92B /* Debug */ = {
			isa = XCBuildConfiguration;
			buildSettings = {
			};
			name = Debug;
		};
/* End XCBuildConfiguration section */

/* Begin XCConfigurationList section */
		1DADD78F4AF7AFC474C2CE6E /* Build configuration list for PBXNativeTarget "Google" */ = {
			isa = XCConfigurationList;
			buildConfigurations = (
				58D1F671C260CC023813E445 /* Debug */,
				A957F979672ABFD2C345FCB4 /* Release */,
			);
			defaultConfigurationIsVisible = 0;
			defaultConfigurationName = Debug;
		};
		2312467F2C7A6F62BE9A00A7 /* Build configuration list for PBXProject "AIPlugins" */ = {
			isa = XCConfigurationList;
			buildConfigurations = (
				48361780961DA5C2C12FE402 /* Debug */,
				9087C22063BE0139341CA300 /* Release */,
			);
			defaultConfigurationIsVisible = 0;
			defaultConfigurationName = Debug;
		};
		5AE1062D2A8250BB76099BDB /* Build configuration list for PBXNativeTarget "OpenAICompatible" */ = {
			isa = XCConfigurationList;
			buildConfigurations = (
				8B4B98FC4D1CEE3D0A405B0A /* Debug */,
				7F79BF52E6720B862F66354E /* Release */,
			);
			defaultConfigurationIsVisible = 0;
			defaultConfigurationName = Debug;
		};
		5C0A46802A7E32079C8EFA85 /* Build configuration list for PBXAggregateTarget "AIPluginsMacOSAll" */ = {
			isa = XCConfigurationList;
			buildConfigurations = (
				ED790E1F5432A6D069CEB92B /* Debug */,
				89046D709A6F1D966B2B3C27 /* Release */,
			);
			defaultConfigurationIsVisible = 0;
			defaultConfigurationName = Debug;
		};
		6185C7BC778FFBEE7958F7FB /* Build configuration list for PBXNativeTarget "AIPluginsSharedTests" */ = {
			isa = XCConfigurationList;
			buildConfigurations = (
				AF1F78DE0CECD188CD64344E /* Debug */,
				820FBA24766D77ABEB1EED1C /* Release */,
			);
			defaultConfigurationIsVisible = 0;
			defaultConfigurationName = Debug;
		};
		82F655E28E948E662E77E028 /* Build configuration list for PBXNativeTarget "ClaudeAPI" */ = {
			isa = XCConfigurationList;
			buildConfigurations = (
				60B60CECC39FA655D0EA2E8F /* Debug */,
				1E672A1591C6930B52E395ED /* Release */,
			);
			defaultConfigurationIsVisible = 0;
			defaultConfigurationName = Debug;
		};
		98B5DE36FF4FA2B34568C118 /* Build configuration list for PBXNativeTarget "ClaudeLocal" */ = {
			isa = XCConfigurationList;
			buildConfigurations = (
				6199CAE8F37AEEB1BDEF0C27 /* Debug */,
				6EEB80107F4CD7C85E5F96DA /* Release */,
			);
			defaultConfigurationIsVisible = 0;
			defaultConfigurationName = Debug;
		};
		D87F537587DE84EC313B093E /* Build configuration list for PBXNativeTarget "OpenAI" */ = {
			isa = XCConfigurationList;
			buildConfigurations = (
				BA1B9548F6CF884F3985D248 /* Debug */,
				74371D67569873D0558519E1 /* Release */,
			);
			defaultConfigurationIsVisible = 0;
			defaultConfigurationName = Debug;
		};
		E5DB9663F1B94AD285A800C3 /* Build configuration list for PBXNativeTarget "AIPluginsShared" */ = {
			isa = XCConfigurationList;
			buildConfigurations = (
				2E0EBB5BDB1970D5E4C757A1 /* Debug */,
				97F4A6A739D725665712D33C /* Release */,
			);
			defaultConfigurationIsVisible = 0;
			defaultConfigurationName = Debug;
		};
/* End XCConfigurationList section */
	};
	rootObject = DD383D4A13970DC0F38EC011 /* Project object */;
}
